// !$*UTF8*$!
{
	archiveVersion = 1;
	classes = {
	};
	objectVersion = 46;
	objects = {

/* Begin PBXBuildFile section */
		A295694D194F68D2009AB7C4 /* Foundation.framework in Frameworks */ = {isa = PBXBuildFile; fileRef = A295694C194F68D2009AB7C4 /* Foundation.framework */; };
		A295694F194F68D2009AB7C4 /* CoreGraphics.framework in Frameworks */ = {isa = PBXBuildFile; fileRef = A295694E194F68D2009AB7C4 /* CoreGraphics.framework */; };
		A2956951194F68D2009AB7C4 /* UIKit.framework in Frameworks */ = {isa = PBXBuildFile; fileRef = A2956950194F68D2009AB7C4 /* UIKit.framework */; };
		A2956957194F68D2009AB7C4 /* InfoPlist.strings in Resources */ = {isa = PBXBuildFile; fileRef = A2956955194F68D2009AB7C4 /* InfoPlist.strings */; };
		A2956959194F68D2009AB7C4 /* main.m in Sources */ = {isa = PBXBuildFile; fileRef = A2956958194F68D2009AB7C4 /* main.m */; };
		A295695D194F68D2009AB7C4 /* AALAppDelegate.m in Sources */ = {isa = PBXBuildFile; fileRef = A295695C194F68D2009AB7C4 /* AALAppDelegate.m */; };
		A295695F194F68D2009AB7C4 /* Images.xcassets in Resources */ = {isa = PBXBuildFile; fileRef = A295695E194F68D2009AB7C4 /* Images.xcassets */; };
		A2956966194F68D2009AB7C4 /* XCTest.framework in Frameworks */ = {isa = PBXBuildFile; fileRef = A2956965194F68D2009AB7C4 /* XCTest.framework */; };
		A2956967194F68D2009AB7C4 /* Foundation.framework in Frameworks */ = {isa = PBXBuildFile; fileRef = A295694C194F68D2009AB7C4 /* Foundation.framework */; };
		A2956968194F68D2009AB7C4 /* UIKit.framework in Frameworks */ = {isa = PBXBuildFile; fileRef = A2956950194F68D2009AB7C4 /* UIKit.framework */; };
		A2956970194F68D2009AB7C4 /* InfoPlist.strings in Resources */ = {isa = PBXBuildFile; fileRef = A295696E194F68D2009AB7C4 /* InfoPlist.strings */; };
		A2956972194F68D2009AB7C4 /* AALLearningViewsTests.m in Sources */ = {isa = PBXBuildFile; fileRef = A2956971194F68D2009AB7C4 /* AALLearningViewsTests.m */; };
		A295697C194F6CA9009AB7C4 /* Storyboard.storyboard in Resources */ = {isa = PBXBuildFile; fileRef = A295697B194F6CA9009AB7C4 /* Storyboard.storyboard */; };
		A2956982194F7007009AB7C4 /* AALViewController.m in Sources */ = {isa = PBXBuildFile; fileRef = A2956981194F7007009AB7C4 /* AALViewController.m */; };
/* End PBXBuildFile section */

/* Begin PBXContainerItemProxy section */
		A2956969194F68D2009AB7C4 /* PBXContainerItemProxy */ = {
			isa = PBXContainerItemProxy;
			containerPortal = A2956941194F68D2009AB7C4 /* Project object */;
			proxyType = 1;
			remoteGlobalIDString = A2956948194F68D2009AB7C4;
			remoteInfo = AALLearningViews;
		};
/* End PBXContainerItemProxy section */

/* Begin PBXFileReference section */
		A2956949194F68D2009AB7C4 /* AALLearningViews.app */ = {isa = PBXFileReference; explicitFileType = wrapper.application; includeInIndex = 0; path = AALLearningViews.app; sourceTree = BUILT_PRODUCTS_DIR; };
		A295694C194F68D2009AB7C4 /* Foundation.framework */ = {isa = PBXFileReference; lastKnownFileType = wrapper.framework; name = Foundation.framework; path = System/Library/Frameworks/Foundation.framework; sourceTree = SDKROOT; };
		A295694E194F68D2009AB7C4 /* CoreGraphics.framework */ = {isa = PBXFileReference; lastKnownFileType = wrapper.framework; name = CoreGraphics.framework; path = System/Library/Frameworks/CoreGraphics.framework; sourceTree = SDKROOT; };
		A2956950194F68D2009AB7C4 /* UIKit.framework */ = {isa = PBXFileReference; lastKnownFileType = wrapper.framework; name = UIKit.framework; path = System/Library/Frameworks/UIKit.framework; sourceTree = SDKROOT; };
		A2956954194F68D2009AB7C4 /* AALLearningViews-Info.plist */ = {isa = PBXFileReference; lastKnownFileType = text.plist.xml; path = "AALLearningViews-Info.plist"; sourceTree = "<group>"; };
		A2956956194F68D2009AB7C4 /* en */ = {isa = PBXFileReference; lastKnownFileType = text.plist.strings; name = en; path = en.lproj/InfoPlist.strings; sourceTree = "<group>"; };
		A2956958194F68D2009AB7C4 /* main.m */ = {isa = PBXFileReference; lastKnownFileType = sourcecode.c.objc; path = main.m; sourceTree = "<group>"; };
		A295695A194F68D2009AB7C4 /* AALLearningViews-Prefix.pch */ = {isa = PBXFileReference; lastKnownFileType = sourcecode.c.h; path = "AALLearningViews-Prefix.pch"; sourceTree = "<group>"; };
		A295695B194F68D2009AB7C4 /* AALAppDelegate.h */ = {isa = PBXFileReference; lastKnownFileType = sourcecode.c.h; path = AALAppDelegate.h; sourceTree = "<group>"; };
		A295695C194F68D2009AB7C4 /* AALAppDelegate.m */ = {isa = PBXFileReference; lastKnownFileType = sourcecode.c.objc; path = AALAppDelegate.m; sourceTree = "<group>"; };
		A295695E194F68D2009AB7C4 /* Images.xcassets */ = {isa = PBXFileReference; lastKnownFileType = folder.assetcatalog; path = Images.xcassets; sourceTree = "<group>"; };
		A2956964194F68D2009AB7C4 /* AALLearningViewsTests.xctest */ = {isa = PBXFileReference; explicitFileType = wrapper.cfbundle; includeInIndex = 0; path = AALLearningViewsTests.xctest; sourceTree = BUILT_PRODUCTS_DIR; };
		A2956965194F68D2009AB7C4 /* XCTest.framework */ = {isa = PBXFileReference; lastKnownFileType = wrapper.framework; name = XCTest.framework; path = Library/Frameworks/XCTest.framework; sourceTree = DEVELOPER_DIR; };
		A295696D194F68D2009AB7C4 /* AALLearningViewsTests-Info.plist */ = {isa = PBXFileReference; lastKnownFileType = text.plist.xml; path = "AALLearningViewsTests-Info.plist"; sourceTree = "<group>"; };
		A295696F194F68D2009AB7C4 /* en */ = {isa = PBXFileReference; lastKnownFileType = text.plist.strings; name = en; path = en.lproj/InfoPlist.strings; sourceTree = "<group>"; };
		A2956971194F68D2009AB7C4 /* AALLearningViewsTests.m */ = {isa = PBXFileReference; lastKnownFileType = sourcecode.c.objc; path = AALLearningViewsTests.m; sourceTree = "<group>"; };
		A295697B194F6CA9009AB7C4 /* Storyboard.storyboard */ = {isa = PBXFileReference; fileEncoding = 4; lastKnownFileType = file.storyboard; path = Storyboard.storyboard; sourceTree = "<group>"; };
		A2956980194F7007009AB7C4 /* AALViewController.h */ = {isa = PBXFileReference; fileEncoding = 4; lastKnownFileType = sourcecode.c.h; path = AALViewController.h; sourceTree = "<group>"; };
		A2956981194F7007009AB7C4 /* AALViewController.m */ = {isa = PBXFileReference; fileEncoding = 4; lastKnownFileType = sourcecode.c.objc; path = AALViewController.m; sourceTree = "<group>"; };
/* End PBXFileReference section */

/* Begin PBXFrameworksBuildPhase section */
		A2956946194F68D2009AB7C4 /* Frameworks */ = {
			isa = PBXFrameworksBuildPhase;
			buildActionMask = 2147483647;
			files = (
				A295694F194F68D2009AB7C4 /* CoreGraphics.framework in Frameworks */,
				A2956951194F68D2009AB7C4 /* UIKit.framework in Frameworks */,
				A295694D194F68D2009AB7C4 /* Foundation.framework in Frameworks */,
			);
			runOnlyForDeploymentPostprocessing = 0;
		};
		A2956961194F68D2009AB7C4 /* Frameworks */ = {
			isa = PBXFrameworksBuildPhase;
			buildActionMask = 2147483647;
			files = (
				A2956966194F68D2009AB7C4 /* XCTest.framework in Frameworks */,
				A2956968194F68D2009AB7C4 /* UIKit.framework in Frameworks */,
				A2956967194F68D2009AB7C4 /* Foundation.framework in Frameworks */,
			);
			runOnlyForDeploymentPostprocessing = 0;
		};
/* End PBXFrameworksBuildPhase section */

/* Begin PBXGroup section */
		A2956940194F68D2009AB7C4 = {
			isa = PBXGroup;
			children = (
				A2956952194F68D2009AB7C4 /* AALLearningViews */,
				A295696B194F68D2009AB7C4 /* AALLearningViewsTests */,
				A295694B194F68D2009AB7C4 /* Frameworks */,
				A295694A194F68D2009AB7C4 /* Products */,
			);
			sourceTree = "<group>";
		};
		A295694A194F68D2009AB7C4 /* Products */ = {
			isa = PBXGroup;
			children = (
				A2956949194F68D2009AB7C4 /* AALLearningViews.app */,
				A2956964194F68D2009AB7C4 /* AALLearningViewsTests.xctest */,
			);
			name = Products;
			sourceTree = "<group>";
		};
		A295694B194F68D2009AB7C4 /* Frameworks */ = {
			isa = PBXGroup;
			children = (
				A295694C194F68D2009AB7C4 /* Foundation.framework */,
				A295694E194F68D2009AB7C4 /* CoreGraphics.framework */,
				A2956950194F68D2009AB7C4 /* UIKit.framework */,
				A2956965194F68D2009AB7C4 /* XCTest.framework */,
			);
			name = Frameworks;
			sourceTree = "<group>";
		};
		A2956952194F68D2009AB7C4 /* AALLearningViews */ = {
			isa = PBXGroup;
			children = (
				A295695B194F68D2009AB7C4 /* AALAppDelegate.h */,
				A2956980194F7007009AB7C4 /* AALViewController.h */,
				A2956981194F7007009AB7C4 /* AALViewController.m */,
				A295695C194F68D2009AB7C4 /* AALAppDelegate.m */,
				A295697B194F6CA9009AB7C4 /* Storyboard.storyboard */,
				A295695E194F68D2009AB7C4 /* Images.xcassets */,
				A2956953194F68D2009AB7C4 /* Supporting Files */,
			);
			path = AALLearningViews;
			sourceTree = "<group>";
		};
		A2956953194F68D2009AB7C4 /* Supporting Files */ = {
			isa = PBXGroup;
			children = (
				A2956954194F68D2009AB7C4 /* AALLearningViews-Info.plist */,
				A2956955194F68D2009AB7C4 /* InfoPlist.strings */,
				A2956958194F68D2009AB7C4 /* main.m */,
				A295695A194F68D2009AB7C4 /* AALLearningViews-Prefix.pch */,
			);
			name = "Supporting Files";
			sourceTree = "<group>";
		};
		A295696B194F68D2009AB7C4 /* AALLearningViewsTests */ = {
			isa = PBXGroup;
			children = (
				A2956971194F68D2009AB7C4 /* AALLearningViewsTests.m */,
				A295696C194F68D2009AB7C4 /* Supporting Files */,
			);
			path = AALLearningViewsTests;
			sourceTree = "<group>";
		};
		A295696C194F68D2009AB7C4 /* Supporting Files */ = {
			isa = PBXGroup;
			children = (
				A295696D194F68D2009AB7C4 /* AALLearningViewsTests-Info.plist */,
				A295696E194F68D2009AB7C4 /* InfoPlist.strings */,
			);
			name = "Supporting Files";
			sourceTree = "<group>";
		};
/* End PBXGroup section */

/* Begin PBXNativeTarget section */
		A2956948194F68D2009AB7C4 /* AALLearningViews */ = {
			isa = PBXNativeTarget;
			buildConfigurationList = A2956975194F68D2009AB7C4 /* Build configuration list for PBXNativeTarget "AALLearningViews" */;
			buildPhases = (
				A2956945194F68D2009AB7C4 /* Sources */,
				A2956946194F68D2009AB7C4 /* Frameworks */,
				A2956947194F68D2009AB7C4 /* Resources */,
			);
			buildRules = (
			);
			dependencies = (
			);
			name = AALLearningViews;
			productName = AALLearningViews;
			productReference = A2956949194F68D2009AB7C4 /* AALLearningViews.app */;
			productType = "com.apple.product-type.application";
		};
		A2956963194F68D2009AB7C4 /* AALLearningViewsTests */ = {
			isa = PBXNativeTarget;
			buildConfigurationList = A2956978194F68D2009AB7C4 /* Build configuration list for PBXNativeTarget "AALLearningViewsTests" */;
			buildPhases = (
				A2956960194F68D2009AB7C4 /* Sources */,
				A2956961194F68D2009AB7C4 /* Frameworks */,
				A2956962194F68D2009AB7C4 /* Resources */,
			);
			buildRules = (
			);
			dependencies = (
				A295696A194F68D2009AB7C4 /* PBXTargetDependency */,
			);
			name = AALLearningViewsTests;
			productName = AALLearningViewsTests;
			productReference = A2956964194F68D2009AB7C4 /* AALLearningViewsTests.xctest */;
			productType = "com.apple.product-type.bundle.unit-test";
		};
/* End PBXNativeTarget section */

/* Begin PBXProject section */
		A2956941194F68D2009AB7C4 /* Project object */ = {
			isa = PBXProject;
			attributes = {
				CLASSPREFIX = AAL;
				LastUpgradeCheck = 0510;
				ORGANIZATIONNAME = "Albert Lardizabal";
				TargetAttributes = {
					A2956963194F68D2009AB7C4 = {
						TestTargetID = A2956948194F68D2009AB7C4;
					};
				};
			};
			buildConfigurationList = A2956944194F68D2009AB7C4 /* Build configuration list for PBXProject "AALLearningViews" */;
			compatibilityVersion = "Xcode 3.2";
			developmentRegion = English;
			hasScannedForEncodings = 0;
			knownRegions = (
				en,
			);
			mainGroup = A2956940194F68D2009AB7C4;
			productRefGroup = A295694A194F68D2009AB7C4 /* Products */;
			projectDirPath = "";
			projectRoot = "";
			targets = (
				A2956948194F68D2009AB7C4 /* AALLearningViews */,
				A2956963194F68D2009AB7C4 /* AALLearningViewsTests */,
			);
		};
/* End PBXProject section */

/* Begin PBXResourcesBuildPhase section */
		A2956947194F68D2009AB7C4 /* Resources */ = {
			isa = PBXResourcesBuildPhase;
			buildActionMask = 2147483647;
			files = (
				A2956957194F68D2009AB7C4 /* InfoPlist.strings in Resources */,
				A295695F194F68D2009AB7C4 /* Images.xcassets in Resources */,
				A295697C194F6CA9009AB7C4 /* Storyboard.storyboard in Resources */,
			);
			runOnlyForDeploymentPostprocessing = 0;
		};
		A2956962194F68D2009AB7C4 /* Resources */ = {
			isa = PBXResourcesBuildPhase;
			buildActionMask = 2147483647;
			files = (
				A2956970194F68D2009AB7C4 /* InfoPlist.strings in Resources */,
			);
			runOnlyForDeploymentPostprocessing = 0;
		};
/* End PBXResourcesBuildPhase section */

/* Begin PBXSourcesBuildPhase section */
		A2956945194F68D2009AB7C4 /* Sources */ = {
			isa = PBXSourcesBuildPhase;
			buildActionMask = 2147483647;
			files = (
				A2956959194F68D2009AB7C4 /* main.m in Sources */,
				A295695D194F68D2009AB7C4 /* AALAppDelegate.m in Sources */,
				A2956982194F7007009AB7C4 /* AALViewController.m in Sources */,
			);
			runOnlyForDeploymentPostprocessing = 0;
		};
		A2956960194F68D2009AB7C4 /* Sources */ = {
			isa = PBXSourcesBuildPhase;
			buildActionMask = 2147483647;
			files = (
				A2956972194F68D2009AB7C4 /* AALLearningViewsTests.m in Sources */,
			);
			runOnlyForDeploymentPostprocessing = 0;
		};
/* End PBXSourcesBuildPhase section */

/* Begin PBXTargetDependency section */
		A295696A194F68D2009AB7C4 /* PBXTargetDependency */ = {
			isa = PBXTargetDependency;
			target = A2956948194F68D2009AB7C4 /* AALLearningViews */;
			targetProxy = A2956969194F68D2009AB7C4 /* PBXContainerItemProxy */;
		};
/* End PBXTargetDependency section */

/* Begin PBXVariantGroup section */
		A2956955194F68D2009AB7C4 /* InfoPlist.strings */ = {
			isa = PBXVariantGroup;
			children = (
				A2956956194F68D2009AB7C4 /* en */,
			);
			name = InfoPlist.strings;
			sourceTree = "<group>";
		};
		A295696E194F68D2009AB7C4 /* InfoPlist.strings */ = {
			isa = PBXVariantGroup;
			children = (
				A295696F194F68D2009AB7C4 /* en */,
			);
			name = InfoPlist.strings;
			sourceTree = "<group>";
		};
/* End PBXVariantGroup section */

/* Begin XCBuildConfiguration section */
		A2956973194F68D2009AB7C4 /* Debug */ = {
			isa = XCBuildConfiguration;
			buildSettings = {
				ALWAYS_SEARCH_USER_PATHS = NO;
				CLANG_CXX_LANGUAGE_STANDARD = "gnu++0x";
				CLANG_CXX_LIBRARY = "libc++";
				CLANG_ENABLE_MODULES = YES;
				CLANG_ENABLE_OBJC_ARC = YES;
				CLANG_WARN_BOOL_CONVERSION = YES;
				CLANG_WARN_CONSTANT_CONVERSION = YES;
				CLANG_WARN_DIRECT_OBJC_ISA_USAGE = YES_ERROR;
				CLANG_WARN_EMPTY_BODY = YES;
				CLANG_WARN_ENUM_CONVERSION = YES;
				CLANG_WARN_INT_CONVERSION = YES;
				CLANG_WARN_OBJC_ROOT_CLASS = YES_ERROR;
				CLANG_WARN__DUPLICATE_METHOD_MATCH = YES;
				"CODE_SIGN_IDENTITY[sdk=iphoneos*]" = "iPhone Developer";
				COPY_PHASE_STRIP = NO;
				GCC_C_LANGUAGE_STANDARD = gnu99;
				GCC_DYNAMIC_NO_PIC = NO;
				GCC_OPTIMIZATION_LEVEL = 0;
				GCC_PREPROCESSOR_DEFINITIONS = (
					"DEBUG=1",
					"$(inherited)",
				);
				GCC_SYMBOLS_PRIVATE_EXTERN = NO;
				GCC_WARN_64_TO_32_BIT_CONVERSION = YES;
				GCC_WARN_ABOUT_RETURN_TYPE = YES_ERROR;
				GCC_WARN_UNDECLARED_SELECTOR = YES;
				GCC_WARN_UNINITIALIZED_AUTOS = YES_AGGRESSIVE;
				GCC_WARN_UNUSED_FUNCTION = YES;
				GCC_WARN_UNUSED_VARIABLE = YES;
				IPHONEOS_DEPLOYMENT_TARGET = 7.1;
				ONLY_ACTIVE_ARCH = YES;
				SDKROOT = iphoneos;
			};
			name = Debug;
		};
		A2956974194F68D2009AB7C4 /* Release */ = {
			isa = XCBuildConfiguration;
			buildSettings = {
				ALWAYS_SEARCH_USER_PATHS = NO;
				CLANG_CXX_LANGUAGE_STANDARD = "gnu++0x";
				CLANG_CXX_LIBRARY = "libc++";
				CLANG_ENABLE_MODULES = YES;
				CLANG_ENABLE_OBJC_ARC = YES;
				CLANG_WARN_BOOL_CONVERSION = YES;
				CLANG_WARN_CONSTANT_CONVERSION = YES;
				CLANG_WARN_DIRECT_OBJC_ISA_USAGE = YES_ERROR;
				CLANG_WARN_EMPTY_BODY = YES;
				CLANG_WARN_ENUM_CONVERSION = YES;
				CLANG_WARN_INT_CONVERSION = YES;
				CLANG_WARN_OBJC_ROOT_CLASS = YES_ERROR;
				CLANG_WARN__DUPLICATE_METHOD_MATCH = YES;
				"CODE_SIGN_IDENTITY[sdk=iphoneos*]" = "iPhone Developer";
				COPY_PHASE_STRIP = YES;
				ENABLE_NS_ASSERTIONS = NO;
				GCC_C_LANGUAGE_STANDARD = gnu99;
				GCC_WARN_64_TO_32_BIT_CONVERSION = YES;
				GCC_WARN_ABOUT_RETURN_TYPE = YES_ERROR;
				GCC_WARN_UNDECLARED_SELECTOR = YES;
				GCC_WARN_UNINITIALIZED_AUTOS = YES_AGGRESSIVE;
				GCC_WARN_UNUSED_FUNCTION = YES;
				GCC_WARN_UNUSED_VARIABLE = YES;
				IPHONEOS_DEPLOYMENT_TARGET = 7.1;
				SDKROOT = iphoneos;
				VALIDATE_PRODUCT = YES;
			};
			name = Release;
		};
		A2956976194F68D2009AB7C4 /* Debug */ = {
			isa = XCBuildConfiguration;
			buildSettings = {
				ASSETCATALOG_COMPILER_APPICON_NAME = AppIcon;
				ASSETCATALOG_COMPILER_LAUNCHIMAGE_NAME = LaunchImage;
				GCC_PRECOMPILE_PREFIX_HEADER = YES;
				GCC_PREFIX_HEADER = "AALLearningViews/AALLearningViews-Prefix.pch";
				INFOPLIST_FILE = "AALLearningViews/AALLearningViews-Info.plist";
				PRODUCT_NAME = "$(TARGET_NAME)";
				WRAPPER_EXTENSION = app;
			};
			name = Debug;
		};
		A2956977194F68D2009AB7C4 /* Release */ = {
			isa = XCBuildConfiguration;
			buildSettings = {
				ASSETCATALOG_COMPILER_APPICON_NAME = AppIcon;
				ASSETCATALOG_COMPILER_LAUNCHIMAGE_NAME = LaunchImage;
				GCC_PRECOMPILE_PREFIX_HEADER = YES;
				GCC_PREFIX_HEADER = "AALLearningViews/AALLearningViews-Prefix.pch";
				INFOPLIST_FILE = "AALLearningViews/AALLearningViews-Info.plist";
				PRODUCT_NAME = "$(TARGET_NAME)";
				WRAPPER_EXTENSION = app;
			};
			name = Release;
		};
		A2956979194F68D2009AB7C4 /* Debug */ = {
			isa = XCBuildConfiguration;
			buildSettings = {
				BUNDLE_LOADER = "$(BUILT_PRODUCTS_DIR)/AALLearningViews.app/AALLearningViews";
				FRAMEWORK_SEARCH_PATHS = (
					"$(SDKROOT)/Developer/Library/Frameworks",
					"$(inherited)",
					"$(DEVELOPER_FRAMEWORKS_DIR)",
				);
				GCC_PRECOMPILE_PREFIX_HEADER = YES;
				GCC_PREFIX_HEADER = "AALLearningViews/AALLearningViews-Prefix.pch";
				GCC_PREPROCESSOR_DEFINITIONS = (
					"DEBUG=1",
					"$(inherited)",
				);
				INFOPLIST_FILE = "AALLearningViewsTests/AALLearningViewsTests-Info.plist";
				PRODUCT_NAME = "$(TARGET_NAME)";
				TEST_HOST = "$(BUNDLE_LOADER)";
				WRAPPER_EXTENSION = xctest;
			};
			name = Debug;
		};
		A295697A194F68D2009AB7C4 /* Release */ = {
			isa = XCBuildConfiguration;
			buildSettings = {
				BUNDLE_LOADER = "$(BUILT_PRODUCTS_DIR)/AALLearningViews.app/AALLearningViews";
				FRAMEWORK_SEARCH_PATHS = (
					"$(SDKROOT)/Developer/Library/Frameworks",
					"$(inherited)",
					"$(DEVELOPER_FRAMEWORKS_DIR)",
				);
				GCC_PRECOMPILE_PREFIX_HEADER = YES;
				GCC_PREFIX_HEADER = "AALLearningViews/AALLearningViews-Prefix.pch";
				INFOPLIST_FILE = "AALLearningViewsTests/AALLearningViewsTests-Info.plist";
				PRODUCT_NAME = "$(TARGET_NAME)";
				TEST_HOST = "$(BUNDLE_LOADER)";
				WRAPPER_EXTENSION = xctest;
			};
			name = Release;
		};
/* End XCBuildConfiguration section */

/* Begin XCConfigurationList section */
		A2956944194F68D2009AB7C4 /* Build configuration list for PBXProject "AALLearningViews" */ = {
			isa = XCConfigurationList;
			buildConfigurations = (
				A2956973194F68D2009AB7C4 /* Debug */,
				A2956974194F68D2009AB7C4 /* Release */,
			);
			defaultConfigurationIsVisible = 0;
			defaultConfigurationName = Release;
		};
		A2956975194F68D2009AB7C4 /* Build configuration list for PBXNativeTarget "AALLearningViews" */ = {
			isa = XCConfigurationList;
			buildConfigurations = (
				A2956976194F68D2009AB7C4 /* Debug */,
				A2956977194F68D2009AB7C4 /* Release */,
			);
			defaultConfigurationIsVisible = 0;
		};
		A2956978194F68D2009AB7C4 /* Build configuration list for PBXNativeTarget "AALLearningViewsTests" */ = {
			isa = XCConfigurationList;
			buildConfigurations = (
				A2956979194F68D2009AB7C4 /* Debug */,
				A295697A194F68D2009AB7C4 /* Release */,
			);
			defaultConfigurationIsVisible = 0;
		};
/* End XCConfigurationList section */
	};
	rootObject = A2956941194F68D2009AB7C4 /* Project object */;
}
