// !$*UTF8*$!
{
	archiveVersion = 1;
	classes = {
	};
	objectVersion = 46;
	objects = {

/* Begin PBXBuildFile section */
		274C234D17C6F7A3008ACEB8 /* Foundation.framework in Frameworks */ = {isa = PBXBuildFile; fileRef = 274C234C17C6F7A3008ACEB8 /* Foundation.framework */; };
		274C234F17C6F7A3008ACEB8 /* CoreGraphics.framework in Frameworks */ = {isa = PBXBuildFile; fileRef = 274C234E17C6F7A3008ACEB8 /* CoreGraphics.framework */; };
		274C235117C6F7A3008ACEB8 /* UIKit.framework in Frameworks */ = {isa = PBXBuildFile; fileRef = 274C235017C6F7A3008ACEB8 /* UIKit.framework */; };
		274C235717C6F7A3008ACEB8 /* InfoPlist.strings in Resources */ = {isa = PBXBuildFile; fileRef = 274C235517C6F7A3008ACEB8 /* InfoPlist.strings */; };
		274C235917C6F7A3008ACEB8 /* main.m in Sources */ = {isa = PBXBuildFile; fileRef = 274C235817C6F7A3008ACEB8 /* main.m */; };
		274C235D17C6F7A3008ACEB8 /* AppDelegate.m in Sources */ = {isa = PBXBuildFile; fileRef = 274C235C17C6F7A3008ACEB8 /* AppDelegate.m */; };
		274C236017C6F7A3008ACEB8 /* Main.storyboard in Resources */ = {isa = PBXBuildFile; fileRef = 274C235E17C6F7A3008ACEB8 /* Main.storyboard */; };
		274C236317C6F7A3008ACEB8 /* ViewController.m in Sources */ = {isa = PBXBuildFile; fileRef = 274C236217C6F7A3008ACEB8 /* ViewController.m */; };
		274C236517C6F7A3008ACEB8 /* Images.xcassets in Resources */ = {isa = PBXBuildFile; fileRef = 274C236417C6F7A3008ACEB8 /* Images.xcassets */; };
		274C236C17C6F7A3008ACEB8 /* XCTest.framework in Frameworks */ = {isa = PBXBuildFile; fileRef = 274C236B17C6F7A3008ACEB8 /* XCTest.framework */; };
		274C236D17C6F7A3008ACEB8 /* Foundation.framework in Frameworks */ = {isa = PBXBuildFile; fileRef = 274C234C17C6F7A3008ACEB8 /* Foundation.framework */; };
		274C236E17C6F7A3008ACEB8 /* UIKit.framework in Frameworks */ = {isa = PBXBuildFile; fileRef = 274C235017C6F7A3008ACEB8 /* UIKit.framework */; };
		274C237617C6F7A4008ACEB8 /* InfoPlist.strings in Resources */ = {isa = PBXBuildFile; fileRef = 274C237417C6F7A4008ACEB8 /* InfoPlist.strings */; };
		274C237817C6F7A4008ACEB8 /* ModalEditorTests.m in Sources */ = {isa = PBXBuildFile; fileRef = 274C237717C6F7A4008ACEB8 /* ModalEditorTests.m */; };
		274C238317C6F859008ACEB8 /* EditorViewController.m in Sources */ = {isa = PBXBuildFile; fileRef = 274C238217C6F859008ACEB8 /* EditorViewController.m */; };
/* End PBXBuildFile section */

/* Begin PBXContainerItemProxy section */
		274C236F17C6F7A3008ACEB8 /* PBXContainerItemProxy */ = {
			isa = PBXContainerItemProxy;
			containerPortal = 274C234117C6F7A3008ACEB8 /* Project object */;
			proxyType = 1;
			remoteGlobalIDString = 274C234817C6F7A3008ACEB8;
			remoteInfo = ModalEditor;
		};
/* End PBXContainerItemProxy section */

/* Begin PBXFileReference section */
		274C234917C6F7A3008ACEB8 /* ModalEditor.app */ = {isa = PBXFileReference; explicitFileType = wrapper.application; includeInIndex = 0; path = ModalEditor.app; sourceTree = BUILT_PRODUCTS_DIR; };
		274C234C17C6F7A3008ACEB8 /* Foundation.framework */ = {isa = PBXFileReference; lastKnownFileType = wrapper.framework; name = Foundation.framework; path = System/Library/Frameworks/Foundation.framework; sourceTree = SDKROOT; };
		274C234E17C6F7A3008ACEB8 /* CoreGraphics.framework */ = {isa = PBXFileReference; lastKnownFileType = wrapper.framework; name = CoreGraphics.framework; path = System/Library/Frameworks/CoreGraphics.framework; sourceTree = SDKROOT; };
		274C235017C6F7A3008ACEB8 /* UIKit.framework */ = {isa = PBXFileReference; lastKnownFileType = wrapper.framework; name = UIKit.framework; path = System/Library/Frameworks/UIKit.framework; sourceTree = SDKROOT; };
		274C235417C6F7A3008ACEB8 /* ModalEditor-Info.plist */ = {isa = PBXFileReference; lastKnownFileType = text.plist.xml; path = "ModalEditor-Info.plist"; sourceTree = "<group>"; };
		274C235617C6F7A3008ACEB8 /* en */ = {isa = PBXFileReference; lastKnownFileType = text.plist.strings; name = en; path = en.lproj/InfoPlist.strings; sourceTree = "<group>"; };
		274C235817C6F7A3008ACEB8 /* main.m */ = {isa = PBXFileReference; lastKnownFileType = sourcecode.c.objc; path = main.m; sourceTree = "<group>"; };
		274C235A17C6F7A3008ACEB8 /* ModalEditor-Prefix.pch */ = {isa = PBXFileReference; lastKnownFileType = sourcecode.c.h; path = "ModalEditor-Prefix.pch"; sourceTree = "<group>"; };
		274C235B17C6F7A3008ACEB8 /* AppDelegate.h */ = {isa = PBXFileReference; lastKnownFileType = sourcecode.c.h; path = AppDelegate.h; sourceTree = "<group>"; };
		274C235C17C6F7A3008ACEB8 /* AppDelegate.m */ = {isa = PBXFileReference; lastKnownFileType = sourcecode.c.objc; path = AppDelegate.m; sourceTree = "<group>"; };
		274C235F17C6F7A3008ACEB8 /* Base */ = {isa = PBXFileReference; lastKnownFileType = file.storyboard; name = Base; path = Base.lproj/Main.storyboard; sourceTree = "<group>"; };
		274C236117C6F7A3008ACEB8 /* ViewController.h */ = {isa = PBXFileReference; lastKnownFileType = sourcecode.c.h; path = ViewController.h; sourceTree = "<group>"; };
		274C236217C6F7A3008ACEB8 /* ViewController.m */ = {isa = PBXFileReference; lastKnownFileType = sourcecode.c.objc; path = ViewController.m; sourceTree = "<group>"; };
		274C236417C6F7A3008ACEB8 /* Images.xcassets */ = {isa = PBXFileReference; lastKnownFileType = folder.assetcatalog; path = Images.xcassets; sourceTree = "<group>"; };
		274C236A17C6F7A3008ACEB8 /* ModalEditorTests.xctest */ = {isa = PBXFileReference; explicitFileType = wrapper.cfbundle; includeInIndex = 0; path = ModalEditorTests.xctest; sourceTree = BUILT_PRODUCTS_DIR; };
		274C236B17C6F7A3008ACEB8 /* XCTest.framework */ = {isa = PBXFileReference; lastKnownFileType = wrapper.framework; name = XCTest.framework; path = Library/Frameworks/XCTest.framework; sourceTree = DEVELOPER_DIR; };
		274C237317C6F7A3008ACEB8 /* ModalEditorTests-Info.plist */ = {isa = PBXFileReference; lastKnownFileType = text.plist.xml; path = "ModalEditorTests-Info.plist"; sourceTree = "<group>"; };
		274C237517C6F7A4008ACEB8 /* en */ = {isa = PBXFileReference; lastKnownFileType = text.plist.strings; name = en; path = en.lproj/InfoPlist.strings; sourceTree = "<group>"; };
		274C237717C6F7A4008ACEB8 /* ModalEditorTests.m */ = {isa = PBXFileReference; lastKnownFileType = sourcecode.c.objc; path = ModalEditorTests.m; sourceTree = "<group>"; };
		274C238117C6F859008ACEB8 /* EditorViewController.h */ = {isa = PBXFileReference; fileEncoding = 4; lastKnownFileType = sourcecode.c.h; path = EditorViewController.h; sourceTree = "<group>"; };
		274C238217C6F859008ACEB8 /* EditorViewController.m */ = {isa = PBXFileReference; fileEncoding = 4; lastKnownFileType = sourcecode.c.objc; path = EditorViewController.m; sourceTree = "<group>"; };
/* End PBXFileReference section */

/* Begin PBXFrameworksBuildPhase section */
		274C234617C6F7A3008ACEB8 /* Frameworks */ = {
			isa = PBXFrameworksBuildPhase;
			buildActionMask = 2147483647;
			files = (
				274C234F17C6F7A3008ACEB8 /* CoreGraphics.framework in Frameworks */,
				274C235117C6F7A3008ACEB8 /* UIKit.framework in Frameworks */,
				274C234D17C6F7A3008ACEB8 /* Foundation.framework in Frameworks */,
			);
			runOnlyForDeploymentPostprocessing = 0;
		};
		274C236717C6F7A3008ACEB8 /* Frameworks */ = {
			isa = PBXFrameworksBuildPhase;
			buildActionMask = 2147483647;
			files = (
				274C236C17C6F7A3008ACEB8 /* XCTest.framework in Frameworks */,
				274C236E17C6F7A3008ACEB8 /* UIKit.framework in Frameworks */,
				274C236D17C6F7A3008ACEB8 /* Foundation.framework in Frameworks */,
			);
			runOnlyForDeploymentPostprocessing = 0;
		};
/* End PBXFrameworksBuildPhase section */

/* Begin PBXGroup section */
		274C234017C6F7A3008ACEB8 = {
			isa = PBXGroup;
			children = (
				274C235217C6F7A3008ACEB8 /* ModalEditor */,
				274C237117C6F7A3008ACEB8 /* ModalEditorTests */,
				274C234B17C6F7A3008ACEB8 /* Frameworks */,
				274C234A17C6F7A3008ACEB8 /* Products */,
			);
			sourceTree = "<group>";
		};
		274C234A17C6F7A3008ACEB8 /* Products */ = {
			isa = PBXGroup;
			children = (
				274C234917C6F7A3008ACEB8 /* ModalEditor.app */,
				274C236A17C6F7A3008ACEB8 /* ModalEditorTests.xctest */,
			);
			name = Products;
			sourceTree = "<group>";
		};
		274C234B17C6F7A3008ACEB8 /* Frameworks */ = {
			isa = PBXGroup;
			children = (
				274C234C17C6F7A3008ACEB8 /* Foundation.framework */,
				274C234E17C6F7A3008ACEB8 /* CoreGraphics.framework */,
				274C235017C6F7A3008ACEB8 /* UIKit.framework */,
				274C236B17C6F7A3008ACEB8 /* XCTest.framework */,
			);
			name = Frameworks;
			sourceTree = "<group>";
		};
		274C235217C6F7A3008ACEB8 /* ModalEditor */ = {
			isa = PBXGroup;
			children = (
				274C235B17C6F7A3008ACEB8 /* AppDelegate.h */,
				274C235C17C6F7A3008ACEB8 /* AppDelegate.m */,
				274C235E17C6F7A3008ACEB8 /* Main.storyboard */,
				274C238117C6F859008ACEB8 /* EditorViewController.h */,
				274C238217C6F859008ACEB8 /* EditorViewController.m */,
				274C236117C6F7A3008ACEB8 /* ViewController.h */,
				274C236217C6F7A3008ACEB8 /* ViewController.m */,
				274C236417C6F7A3008ACEB8 /* Images.xcassets */,
				274C235317C6F7A3008ACEB8 /* Supporting Files */,
			);
			path = ModalEditor;
			sourceTree = "<group>";
		};
		274C235317C6F7A3008ACEB8 /* Supporting Files */ = {
			isa = PBXGroup;
			children = (
				274C235417C6F7A3008ACEB8 /* ModalEditor-Info.plist */,
				274C235517C6F7A3008ACEB8 /* InfoPlist.strings */,
				274C235817C6F7A3008ACEB8 /* main.m */,
				274C235A17C6F7A3008ACEB8 /* ModalEditor-Prefix.pch */,
			);
			name = "Supporting Files";
			sourceTree = "<group>";
		};
		274C237117C6F7A3008ACEB8 /* ModalEditorTests */ = {
			isa = PBXGroup;
			children = (
				274C237717C6F7A4008ACEB8 /* ModalEditorTests.m */,
				274C237217C6F7A3008ACEB8 /* Supporting Files */,
			);
			path = ModalEditorTests;
			sourceTree = "<group>";
		};
		274C237217C6F7A3008ACEB8 /* Supporting Files */ = {
			isa = PBXGroup;
			children = (
				274C237317C6F7A3008ACEB8 /* ModalEditorTests-Info.plist */,
				274C237417C6F7A4008ACEB8 /* InfoPlist.strings */,
			);
			name = "Supporting Files";
			sourceTree = "<group>";
		};
/* End PBXGroup section */

/* Begin PBXNativeTarget section */
		274C234817C6F7A3008ACEB8 /* ModalEditor */ = {
			isa = PBXNativeTarget;
			buildConfigurationList = 274C237B17C6F7A4008ACEB8 /* Build configuration list for PBXNativeTarget "ModalEditor" */;
			buildPhases = (
				274C234517C6F7A3008ACEB8 /* Sources */,
				274C234617C6F7A3008ACEB8 /* Frameworks */,
				274C234717C6F7A3008ACEB8 /* Resources */,
			);
			buildRules = (
			);
			dependencies = (
			);
			name = ModalEditor;
			productName = ModalEditor;
			productReference = 274C234917C6F7A3008ACEB8 /* ModalEditor.app */;
			productType = "com.apple.product-type.application";
		};
		274C236917C6F7A3008ACEB8 /* ModalEditorTests */ = {
			isa = PBXNativeTarget;
			buildConfigurationList = 274C237E17C6F7A4008ACEB8 /* Build configuration list for PBXNativeTarget "ModalEditorTests" */;
			buildPhases = (
				274C236617C6F7A3008ACEB8 /* Sources */,
				274C236717C6F7A3008ACEB8 /* Frameworks */,
				274C236817C6F7A3008ACEB8 /* Resources */,
			);
			buildRules = (
			);
			dependencies = (
				274C237017C6F7A3008ACEB8 /* PBXTargetDependency */,
			);
			name = ModalEditorTests;
			productName = ModalEditorTests;
			productReference = 274C236A17C6F7A3008ACEB8 /* ModalEditorTests.xctest */;
			productType = "com.apple.product-type.bundle.unit-test";
		};
/* End PBXNativeTarget section */

/* Begin PBXProject section */
		274C234117C6F7A3008ACEB8 /* Project object */ = {
			isa = PBXProject;
			attributes = {
				LastUpgradeCheck = 0500;
				ORGANIZATIONNAME = "John E. Ray";
				TargetAttributes = {
					274C234817C6F7A3008ACEB8 = {
						DevelopmentTeam = 45UM2D73N8;
					};
					274C236917C6F7A3008ACEB8 = {
						TestTargetID = 274C234817C6F7A3008ACEB8;
					};
				};
			};
			buildConfigurationList = 274C234417C6F7A3008ACEB8 /* Build configuration list for PBXProject "ModalEditor" */;
			compatibilityVersion = "Xcode 3.2";
			developmentRegion = English;
			hasScannedForEncodings = 0;
			knownRegions = (
				en,
				Base,
			);
			mainGroup = 274C234017C6F7A3008ACEB8;
			productRefGroup = 274C234A17C6F7A3008ACEB8 /* Products */;
			projectDirPath = "";
			projectRoot = "";
			targets = (
				274C234817C6F7A3008ACEB8 /* ModalEditor */,
				274C236917C6F7A3008ACEB8 /* ModalEditorTests */,
			);
		};
/* End PBXProject section */

/* Begin PBXResourcesBuildPhase section */
		274C234717C6F7A3008ACEB8 /* Resources */ = {
			isa = PBXResourcesBuildPhase;
			buildActionMask = 2147483647;
			files = (
				274C236517C6F7A3008ACEB8 /* Images.xcassets in Resources */,
				274C235717C6F7A3008ACEB8 /* InfoPlist.strings in Resources */,
				274C236017C6F7A3008ACEB8 /* Main.storyboard in Resources */,
			);
			runOnlyForDeploymentPostprocessing = 0;
		};
		274C236817C6F7A3008ACEB8 /* Resources */ = {
			isa = PBXResourcesBuildPhase;
			buildActionMask = 2147483647;
			files = (
				274C237617C6F7A4008ACEB8 /* InfoPlist.strings in Resources */,
			);
			runOnlyForDeploymentPostprocessing = 0;
		};
/* End PBXResourcesBuildPhase section */

/* Begin PBXSourcesBuildPhase section */
		274C234517C6F7A3008ACEB8 /* Sources */ = {
			isa = PBXSourcesBuildPhase;
			buildActionMask = 2147483647;
			files = (
				274C236317C6F7A3008ACEB8 /* ViewController.m in Sources */,
				274C235D17C6F7A3008ACEB8 /* AppDelegate.m in Sources */,
				274C235917C6F7A3008ACEB8 /* main.m in Sources */,
				274C238317C6F859008ACEB8 /* EditorViewController.m in Sources */,
			);
			runOnlyForDeploymentPostprocessing = 0;
		};
		274C236617C6F7A3008ACEB8 /* Sources */ = {
			isa = PBXSourcesBuildPhase;
			buildActionMask = 2147483647;
			files = (
				274C237817C6F7A4008ACEB8 /* ModalEditorTests.m in Sources */,
			);
			runOnlyForDeploymentPostprocessing = 0;
		};
/* End PBXSourcesBuildPhase section */

/* Begin PBXTargetDependency section */
		274C237017C6F7A3008ACEB8 /* PBXTargetDependency */ = {
			isa = PBXTargetDependency;
			target = 274C234817C6F7A3008ACEB8 /* ModalEditor */;
			targetProxy = 274C236F17C6F7A3008ACEB8 /* PBXContainerItemProxy */;
		};
/* End PBXTargetDependency section */

/* Begin PBXVariantGroup section */
		274C235517C6F7A3008ACEB8 /* InfoPlist.strings */ = {
			isa = PBXVariantGroup;
			children = (
				274C235617C6F7A3008ACEB8 /* en */,
			);
			name = InfoPlist.strings;
			sourceTree = "<group>";
		};
		274C235E17C6F7A3008ACEB8 /* Main.storyboard */ = {
			isa = PBXVariantGroup;
			children = (
				274C235F17C6F7A3008ACEB8 /* Base */,
			);
			name = Main.storyboard;
			sourceTree = "<group>";
		};
		274C237417C6F7A4008ACEB8 /* InfoPlist.strings */ = {
			isa = PBXVariantGroup;
			children = (
				274C237517C6F7A4008ACEB8 /* en */,
			);
			name = InfoPlist.strings;
			sourceTree = "<group>";
		};
/* End PBXVariantGroup section */

/* Begin XCBuildConfiguration section */
		274C237917C6F7A4008ACEB8 /* Debug */ = {
			isa = XCBuildConfiguration;
			buildSettings = {
				ALWAYS_SEARCH_USER_PATHS = NO;
				CLANG_CXX_LANGUAGE_STANDARD = "gnu++0x";
				CLANG_CXX_LIBRARY = "libc++";
				CLANG_ENABLE_MODULES = YES;
				CLANG_ENABLE_OBJC_ARC = YES;
				CLANG_WARN_BOOL_CONVERSION = YES;
				CLANG_WARN_CONSTANT_CONVERSION = YES;
				CLANG_WARN_DIRECT_OBJC_ISA_USAGE = YES_ERROR;
				CLANG_WARN_EMPTY_BODY = YES;
				CLANG_WARN_ENUM_CONVERSION = YES;
				CLANG_WARN_INT_CONVERSION = YES;
				CLANG_WARN_OBJC_ROOT_CLASS = YES_ERROR;
				CLANG_WARN__DUPLICATE_METHOD_MATCH = YES;
				"CODE_SIGN_IDENTITY[sdk=iphoneos*]" = "iPhone Developer";
				COPY_PHASE_STRIP = NO;
				GCC_C_LANGUAGE_STANDARD = gnu99;
				GCC_DYNAMIC_NO_PIC = NO;
				GCC_OPTIMIZATION_LEVEL = 0;
				GCC_PREPROCESSOR_DEFINITIONS = (
					"DEBUG=1",
					"$(inherited)",
				);
				GCC_SYMBOLS_PRIVATE_EXTERN = NO;
				GCC_WARN_ABOUT_RETURN_TYPE = YES_ERROR;
				GCC_WARN_UNDECLARED_SELECTOR = YES;
				GCC_WARN_UNINITIALIZED_AUTOS = YES;
				GCC_WARN_UNUSED_FUNCTION = YES;
				GCC_WARN_UNUSED_VARIABLE = YES;
				IPHONEOS_DEPLOYMENT_TARGET = 7.0;
				ONLY_ACTIVE_ARCH = YES;
				SDKROOT = iphoneos;
			};
			name = Debug;
		};
		274C237A17C6F7A4008ACEB8 /* Release */ = {
			isa = XCBuildConfiguration;
			buildSettings = {
				ALWAYS_SEARCH_USER_PATHS = NO;
				CLANG_CXX_LANGUAGE_STANDARD = "gnu++0x";
				CLANG_CXX_LIBRARY = "libc++";
				CLANG_ENABLE_MODULES = YES;
				CLANG_ENABLE_OBJC_ARC = YES;
				CLANG_WARN_BOOL_CONVERSION = YES;
				CLANG_WARN_CONSTANT_CONVERSION = YES;
				CLANG_WARN_DIRECT_OBJC_ISA_USAGE = YES_ERROR;
				CLANG_WARN_EMPTY_BODY = YES;
				CLANG_WARN_ENUM_CONVERSION = YES;
				CLANG_WARN_INT_CONVERSION = YES;
				CLANG_WARN_OBJC_ROOT_CLASS = YES_ERROR;
				CLANG_WARN__DUPLICATE_METHOD_MATCH = YES;
				"CODE_SIGN_IDENTITY[sdk=iphoneos*]" = "iPhone Developer";
				COPY_PHASE_STRIP = YES;
				ENABLE_NS_ASSERTIONS = NO;
				GCC_C_LANGUAGE_STANDARD = gnu99;
				GCC_WARN_ABOUT_RETURN_TYPE = YES_ERROR;
				GCC_WARN_UNDECLARED_SELECTOR = YES;
				GCC_WARN_UNINITIALIZED_AUTOS = YES;
				GCC_WARN_UNUSED_FUNCTION = YES;
				GCC_WARN_UNUSED_VARIABLE = YES;
				IPHONEOS_DEPLOYMENT_TARGET = 7.0;
				SDKROOT = iphoneos;
				VALIDATE_PRODUCT = YES;
			};
			name = Release;
		};
		274C237C17C6F7A4008ACEB8 /* Debug */ = {
			isa = XCBuildConfiguration;
			buildSettings = {
				ASSETCATALOG_COMPILER_APPICON_NAME = AppIcon;
				ASSETCATALOG_COMPILER_LAUNCHIMAGE_NAME = LaunchImage;
				CODE_SIGN_IDENTITY = "iPhone Developer";
				"CODE_SIGN_IDENTITY[sdk=iphoneos*]" = "iPhone Developer";
				GCC_PRECOMPILE_PREFIX_HEADER = YES;
				GCC_PREFIX_HEADER = "ModalEditor/ModalEditor-Prefix.pch";
				INFOPLIST_FILE = "ModalEditor/ModalEditor-Info.plist";
				PRODUCT_NAME = "$(TARGET_NAME)";
				PROVISIONING_PROFILE = "";
				WRAPPER_EXTENSION = app;
			};
			name = Debug;
		};
		274C237D17C6F7A4008ACEB8 /* Release */ = {
			isa = XCBuildConfiguration;
			buildSettings = {
				ASSETCATALOG_COMPILER_APPICON_NAME = AppIcon;
				ASSETCATALOG_COMPILER_LAUNCHIMAGE_NAME = LaunchImage;
				CODE_SIGN_IDENTITY = "iPhone Developer";
				"CODE_SIGN_IDENTITY[sdk=iphoneos*]" = "iPhone Developer";
				GCC_PRECOMPILE_PREFIX_HEADER = YES;
				GCC_PREFIX_HEADER = "ModalEditor/ModalEditor-Prefix.pch";
				INFOPLIST_FILE = "ModalEditor/ModalEditor-Info.plist";
				PRODUCT_NAME = "$(TARGET_NAME)";
				PROVISIONING_PROFILE = "";
				WRAPPER_EXTENSION = app;
			};
			name = Release;
		};
		274C237F17C6F7A4008ACEB8 /* Debug */ = {
			isa = XCBuildConfiguration;
			buildSettings = {
				BUNDLE_LOADER = "$(BUILT_PRODUCTS_DIR)/ModalEditor.app/ModalEditor";
				FRAMEWORK_SEARCH_PATHS = (
					"$(SDKROOT)/Developer/Library/Frameworks",
					"$(inherited)",
					"$(DEVELOPER_FRAMEWORKS_DIR)",
				);
				GCC_PRECOMPILE_PREFIX_HEADER = YES;
				GCC_PREFIX_HEADER = "ModalEditor/ModalEditor-Prefix.pch";
				GCC_PREPROCESSOR_DEFINITIONS = (
					"DEBUG=1",
					"$(inherited)",
				);
				INFOPLIST_FILE = "ModalEditorTests/ModalEditorTests-Info.plist";
				PRODUCT_NAME = "$(TARGET_NAME)";
				TEST_HOST = "$(BUNDLE_LOADER)";
				WRAPPER_EXTENSION = xctest;
			};
			name = Debug;
		};
		274C238017C6F7A4008ACEB8 /* Release */ = {
			isa = XCBuildConfiguration;
			buildSettings = {
				BUNDLE_LOADER = "$(BUILT_PRODUCTS_DIR)/ModalEditor.app/ModalEditor";
				FRAMEWORK_SEARCH_PATHS = (
					"$(SDKROOT)/Developer/Library/Frameworks",
					"$(inherited)",
					"$(DEVELOPER_FRAMEWORKS_DIR)",
				);
				GCC_PRECOMPILE_PREFIX_HEADER = YES;
				GCC_PREFIX_HEADER = "ModalEditor/ModalEditor-Prefix.pch";
				INFOPLIST_FILE = "ModalEditorTests/ModalEditorTests-Info.plist";
				PRODUCT_NAME = "$(TARGET_NAME)";
				TEST_HOST = "$(BUNDLE_LOADER)";
				WRAPPER_EXTENSION = xctest;
			};
			name = Release;
		};
/* End XCBuildConfiguration section */

/* Begin XCConfigurationList section */
		274C234417C6F7A3008ACEB8 /* Build configuration list for PBXProject "ModalEditor" */ = {
			isa = XCConfigurationList;
			buildConfigurations = (
				274C237917C6F7A4008ACEB8 /* Debug */,
				274C237A17C6F7A4008ACEB8 /* Release */,
			);
			defaultConfigurationIsVisible = 0;
			defaultConfigurationName = Release;
		};
		274C237B17C6F7A4008ACEB8 /* Build configuration list for PBXNativeTarget "ModalEditor" */ = {
			isa = XCConfigurationList;
			buildConfigurations = (
				274C237C17C6F7A4008ACEB8 /* Debug */,
				274C237D17C6F7A4008ACEB8 /* Release */,
			);
			defaultConfigurationIsVisible = 0;
		};
		274C237E17C6F7A4008ACEB8 /* Build configuration list for PBXNativeTarget "ModalEditorTests" */ = {
			isa = XCConfigurationList;
			buildConfigurations = (
				274C237F17C6F7A4008ACEB8 /* Debug */,
				274C238017C6F7A4008ACEB8 /* Release */,
			);
			defaultConfigurationIsVisible = 0;
		};
/* End XCConfigurationList section */
	};
	rootObject = 274C234117C6F7A3008ACEB8 /* Project object */;
}
