// !$*UTF8*$!
{
	archiveVersion = 1;
	classes = {
	};
	objectVersion = 46;
	objects = {

/* Begin PBXBuildFile section */
		27F6C5CE181ABFED0095E3E6 /* Foundation.framework in Frameworks */ = {isa = PBXBuildFile; fileRef = 27F6C5CD181ABFED0095E3E6 /* Foundation.framework */; };
		27F6C5D0181ABFED0095E3E6 /* CoreGraphics.framework in Frameworks */ = {isa = PBXBuildFile; fileRef = 27F6C5CF181ABFED0095E3E6 /* CoreGraphics.framework */; };
		27F6C5D2181ABFED0095E3E6 /* UIKit.framework in Frameworks */ = {isa = PBXBuildFile; fileRef = 27F6C5D1181ABFED0095E3E6 /* UIKit.framework */; };
		27F6C5D8181ABFED0095E3E6 /* InfoPlist.strings in Resources */ = {isa = PBXBuildFile; fileRef = 27F6C5D6181ABFED0095E3E6 /* InfoPlist.strings */; };
		27F6C5DA181ABFED0095E3E6 /* main.m in Sources */ = {isa = PBXBuildFile; fileRef = 27F6C5D9181ABFED0095E3E6 /* main.m */; };
		27F6C5DE181ABFED0095E3E6 /* AppDelegate.m in Sources */ = {isa = PBXBuildFile; fileRef = 27F6C5DD181ABFED0095E3E6 /* AppDelegate.m */; };
		27F6C5E1181ABFED0095E3E6 /* Main.storyboard in Resources */ = {isa = PBXBuildFile; fileRef = 27F6C5DF181ABFED0095E3E6 /* Main.storyboard */; };
		27F6C5E4181ABFED0095E3E6 /* ViewController.m in Sources */ = {isa = PBXBuildFile; fileRef = 27F6C5E3181ABFED0095E3E6 /* ViewController.m */; };
		27F6C5E6181ABFED0095E3E6 /* Images.xcassets in Resources */ = {isa = PBXBuildFile; fileRef = 27F6C5E5181ABFED0095E3E6 /* Images.xcassets */; };
		27F6C5ED181ABFED0095E3E6 /* XCTest.framework in Frameworks */ = {isa = PBXBuildFile; fileRef = 27F6C5EC181ABFED0095E3E6 /* XCTest.framework */; };
		27F6C5EE181ABFED0095E3E6 /* Foundation.framework in Frameworks */ = {isa = PBXBuildFile; fileRef = 27F6C5CD181ABFED0095E3E6 /* Foundation.framework */; };
		27F6C5EF181ABFED0095E3E6 /* UIKit.framework in Frameworks */ = {isa = PBXBuildFile; fileRef = 27F6C5D1181ABFED0095E3E6 /* UIKit.framework */; };
		27F6C5F7181ABFED0095E3E6 /* InfoPlist.strings in Resources */ = {isa = PBXBuildFile; fileRef = 27F6C5F5181ABFED0095E3E6 /* InfoPlist.strings */; };
		27F6C5F9181ABFED0095E3E6 /* AllInCodeTests.m in Sources */ = {isa = PBXBuildFile; fileRef = 27F6C5F8181ABFED0095E3E6 /* AllInCodeTests.m */; };
/* End PBXBuildFile section */

/* Begin PBXContainerItemProxy section */
		27F6C5F0181ABFED0095E3E6 /* PBXContainerItemProxy */ = {
			isa = PBXContainerItemProxy;
			containerPortal = 27F6C5C2181ABFED0095E3E6 /* Project object */;
			proxyType = 1;
			remoteGlobalIDString = 27F6C5C9181ABFED0095E3E6;
			remoteInfo = AllInCode;
		};
/* End PBXContainerItemProxy section */

/* Begin PBXFileReference section */
		27F6C5CA181ABFED0095E3E6 /* AllInCode.app */ = {isa = PBXFileReference; explicitFileType = wrapper.application; includeInIndex = 0; path = AllInCode.app; sourceTree = BUILT_PRODUCTS_DIR; };
		27F6C5CD181ABFED0095E3E6 /* Foundation.framework */ = {isa = PBXFileReference; lastKnownFileType = wrapper.framework; name = Foundation.framework; path = System/Library/Frameworks/Foundation.framework; sourceTree = SDKROOT; };
		27F6C5CF181ABFED0095E3E6 /* CoreGraphics.framework */ = {isa = PBXFileReference; lastKnownFileType = wrapper.framework; name = CoreGraphics.framework; path = System/Library/Frameworks/CoreGraphics.framework; sourceTree = SDKROOT; };
		27F6C5D1181ABFED0095E3E6 /* UIKit.framework */ = {isa = PBXFileReference; lastKnownFileType = wrapper.framework; name = UIKit.framework; path = System/Library/Frameworks/UIKit.framework; sourceTree = SDKROOT; };
		27F6C5D5181ABFED0095E3E6 /* AllInCode-Info.plist */ = {isa = PBXFileReference; lastKnownFileType = text.plist.xml; path = "AllInCode-Info.plist"; sourceTree = "<group>"; };
		27F6C5D7181ABFED0095E3E6 /* en */ = {isa = PBXFileReference; lastKnownFileType = text.plist.strings; name = en; path = en.lproj/InfoPlist.strings; sourceTree = "<group>"; };
		27F6C5D9181ABFED0095E3E6 /* main.m */ = {isa = PBXFileReference; lastKnownFileType = sourcecode.c.objc; path = main.m; sourceTree = "<group>"; };
		27F6C5DB181ABFED0095E3E6 /* AllInCode-Prefix.pch */ = {isa = PBXFileReference; lastKnownFileType = sourcecode.c.h; path = "AllInCode-Prefix.pch"; sourceTree = "<group>"; };
		27F6C5DC181ABFED0095E3E6 /* AppDelegate.h */ = {isa = PBXFileReference; lastKnownFileType = sourcecode.c.h; path = AppDelegate.h; sourceTree = "<group>"; };
		27F6C5DD181ABFED0095E3E6 /* AppDelegate.m */ = {isa = PBXFileReference; lastKnownFileType = sourcecode.c.objc; path = AppDelegate.m; sourceTree = "<group>"; };
		27F6C5E0181ABFED0095E3E6 /* Base */ = {isa = PBXFileReference; lastKnownFileType = file.storyboard; name = Base; path = Base.lproj/Main.storyboard; sourceTree = "<group>"; };
		27F6C5E2181ABFED0095E3E6 /* ViewController.h */ = {isa = PBXFileReference; lastKnownFileType = sourcecode.c.h; path = ViewController.h; sourceTree = "<group>"; };
		27F6C5E3181ABFED0095E3E6 /* ViewController.m */ = {isa = PBXFileReference; lastKnownFileType = sourcecode.c.objc; path = ViewController.m; sourceTree = "<group>"; };
		27F6C5E5181ABFED0095E3E6 /* Images.xcassets */ = {isa = PBXFileReference; lastKnownFileType = folder.assetcatalog; path = Images.xcassets; sourceTree = "<group>"; };
		27F6C5EB181ABFED0095E3E6 /* AllInCodeTests.xctest */ = {isa = PBXFileReference; explicitFileType = wrapper.cfbundle; includeInIndex = 0; path = AllInCodeTests.xctest; sourceTree = BUILT_PRODUCTS_DIR; };
		27F6C5EC181ABFED0095E3E6 /* XCTest.framework */ = {isa = PBXFileReference; lastKnownFileType = wrapper.framework; name = XCTest.framework; path = Library/Frameworks/XCTest.framework; sourceTree = DEVELOPER_DIR; };
		27F6C5F4181ABFED0095E3E6 /* AllInCodeTests-Info.plist */ = {isa = PBXFileReference; lastKnownFileType = text.plist.xml; path = "AllInCodeTests-Info.plist"; sourceTree = "<group>"; };
		27F6C5F6181ABFED0095E3E6 /* en */ = {isa = PBXFileReference; lastKnownFileType = text.plist.strings; name = en; path = en.lproj/InfoPlist.strings; sourceTree = "<group>"; };
		27F6C5F8181ABFED0095E3E6 /* AllInCodeTests.m */ = {isa = PBXFileReference; lastKnownFileType = sourcecode.c.objc; path = AllInCodeTests.m; sourceTree = "<group>"; };
/* End PBXFileReference section */

/* Begin PBXFrameworksBuildPhase section */
		27F6C5C7181ABFED0095E3E6 /* Frameworks */ = {
			isa = PBXFrameworksBuildPhase;
			buildActionMask = 2147483647;
			files = (
				27F6C5D0181ABFED0095E3E6 /* CoreGraphics.framework in Frameworks */,
				27F6C5D2181ABFED0095E3E6 /* UIKit.framework in Frameworks */,
				27F6C5CE181ABFED0095E3E6 /* Foundation.framework in Frameworks */,
			);
			runOnlyForDeploymentPostprocessing = 0;
		};
		27F6C5E8181ABFED0095E3E6 /* Frameworks */ = {
			isa = PBXFrameworksBuildPhase;
			buildActionMask = 2147483647;
			files = (
				27F6C5ED181ABFED0095E3E6 /* XCTest.framework in Frameworks */,
				27F6C5EF181ABFED0095E3E6 /* UIKit.framework in Frameworks */,
				27F6C5EE181ABFED0095E3E6 /* Foundation.framework in Frameworks */,
			);
			runOnlyForDeploymentPostprocessing = 0;
		};
/* End PBXFrameworksBuildPhase section */

/* Begin PBXGroup section */
		27F6C5C1181ABFED0095E3E6 = {
			isa = PBXGroup;
			children = (
				27F6C5D3181ABFED0095E3E6 /* AllInCode */,
				27F6C5F2181ABFED0095E3E6 /* AllInCodeTests */,
				27F6C5CC181ABFED0095E3E6 /* Frameworks */,
				27F6C5CB181ABFED0095E3E6 /* Products */,
			);
			sourceTree = "<group>";
		};
		27F6C5CB181ABFED0095E3E6 /* Products */ = {
			isa = PBXGroup;
			children = (
				27F6C5CA181ABFED0095E3E6 /* AllInCode.app */,
				27F6C5EB181ABFED0095E3E6 /* AllInCodeTests.xctest */,
			);
			name = Products;
			sourceTree = "<group>";
		};
		27F6C5CC181ABFED0095E3E6 /* Frameworks */ = {
			isa = PBXGroup;
			children = (
				27F6C5CD181ABFED0095E3E6 /* Foundation.framework */,
				27F6C5CF181ABFED0095E3E6 /* CoreGraphics.framework */,
				27F6C5D1181ABFED0095E3E6 /* UIKit.framework */,
				27F6C5EC181ABFED0095E3E6 /* XCTest.framework */,
			);
			name = Frameworks;
			sourceTree = "<group>";
		};
		27F6C5D3181ABFED0095E3E6 /* AllInCode */ = {
			isa = PBXGroup;
			children = (
				27F6C5DC181ABFED0095E3E6 /* AppDelegate.h */,
				27F6C5DD181ABFED0095E3E6 /* AppDelegate.m */,
				27F6C5DF181ABFED0095E3E6 /* Main.storyboard */,
				27F6C5E2181ABFED0095E3E6 /* ViewController.h */,
				27F6C5E3181ABFED0095E3E6 /* ViewController.m */,
				27F6C5E5181ABFED0095E3E6 /* Images.xcassets */,
				27F6C5D4181ABFED0095E3E6 /* Supporting Files */,
			);
			path = AllInCode;
			sourceTree = "<group>";
		};
		27F6C5D4181ABFED0095E3E6 /* Supporting Files */ = {
			isa = PBXGroup;
			children = (
				27F6C5D5181ABFED0095E3E6 /* AllInCode-Info.plist */,
				27F6C5D6181ABFED0095E3E6 /* InfoPlist.strings */,
				27F6C5D9181ABFED0095E3E6 /* main.m */,
				27F6C5DB181ABFED0095E3E6 /* AllInCode-Prefix.pch */,
			);
			name = "Supporting Files";
			sourceTree = "<group>";
		};
		27F6C5F2181ABFED0095E3E6 /* AllInCodeTests */ = {
			isa = PBXGroup;
			children = (
				27F6C5F8181ABFED0095E3E6 /* AllInCodeTests.m */,
				27F6C5F3181ABFED0095E3E6 /* Supporting Files */,
			);
			path = AllInCodeTests;
			sourceTree = "<group>";
		};
		27F6C5F3181ABFED0095E3E6 /* Supporting Files */ = {
			isa = PBXGroup;
			children = (
				27F6C5F4181ABFED0095E3E6 /* AllInCodeTests-Info.plist */,
				27F6C5F5181ABFED0095E3E6 /* InfoPlist.strings */,
			);
			name = "Supporting Files";
			sourceTree = "<group>";
		};
/* End PBXGroup section */

/* Begin PBXNativeTarget section */
		27F6C5C9181ABFED0095E3E6 /* AllInCode */ = {
			isa = PBXNativeTarget;
			buildConfigurationList = 27F6C5FC181ABFED0095E3E6 /* Build configuration list for PBXNativeTarget "AllInCode" */;
			buildPhases = (
				27F6C5C6181ABFED0095E3E6 /* Sources */,
				27F6C5C7181ABFED0095E3E6 /* Frameworks */,
				27F6C5C8181ABFED0095E3E6 /* Resources */,
			);
			buildRules = (
			);
			dependencies = (
			);
			name = AllInCode;
			productName = AllInCode;
			productReference = 27F6C5CA181ABFED0095E3E6 /* AllInCode.app */;
			productType = "com.apple.product-type.application";
		};
		27F6C5EA181ABFED0095E3E6 /* AllInCodeTests */ = {
			isa = PBXNativeTarget;
			buildConfigurationList = 27F6C5FF181ABFED0095E3E6 /* Build configuration list for PBXNativeTarget "AllInCodeTests" */;
			buildPhases = (
				27F6C5E7181ABFED0095E3E6 /* Sources */,
				27F6C5E8181ABFED0095E3E6 /* Frameworks */,
				27F6C5E9181ABFED0095E3E6 /* Resources */,
			);
			buildRules = (
			);
			dependencies = (
				27F6C5F1181ABFED0095E3E6 /* PBXTargetDependency */,
			);
			name = AllInCodeTests;
			productName = AllInCodeTests;
			productReference = 27F6C5EB181ABFED0095E3E6 /* AllInCodeTests.xctest */;
			productType = "com.apple.product-type.bundle.unit-test";
		};
/* End PBXNativeTarget section */

/* Begin PBXProject section */
		27F6C5C2181ABFED0095E3E6 /* Project object */ = {
			isa = PBXProject;
			attributes = {
				LastUpgradeCheck = 0500;
				ORGANIZATIONNAME = "John E. Ray";
				TargetAttributes = {
					27F6C5EA181ABFED0095E3E6 = {
						TestTargetID = 27F6C5C9181ABFED0095E3E6;
					};
				};
			};
			buildConfigurationList = 27F6C5C5181ABFED0095E3E6 /* Build configuration list for PBXProject "AllInCode" */;
			compatibilityVersion = "Xcode 3.2";
			developmentRegion = English;
			hasScannedForEncodings = 0;
			knownRegions = (
				en,
				Base,
			);
			mainGroup = 27F6C5C1181ABFED0095E3E6;
			productRefGroup = 27F6C5CB181ABFED0095E3E6 /* Products */;
			projectDirPath = "";
			projectRoot = "";
			targets = (
				27F6C5C9181ABFED0095E3E6 /* AllInCode */,
				27F6C5EA181ABFED0095E3E6 /* AllInCodeTests */,
			);
		};
/* End PBXProject section */

/* Begin PBXResourcesBuildPhase section */
		27F6C5C8181ABFED0095E3E6 /* Resources */ = {
			isa = PBXResourcesBuildPhase;
			buildActionMask = 2147483647;
			files = (
				27F6C5E6181ABFED0095E3E6 /* Images.xcassets in Resources */,
				27F6C5D8181ABFED0095E3E6 /* InfoPlist.strings in Resources */,
				27F6C5E1181ABFED0095E3E6 /* Main.storyboard in Resources */,
			);
			runOnlyForDeploymentPostprocessing = 0;
		};
		27F6C5E9181ABFED0095E3E6 /* Resources */ = {
			isa = PBXResourcesBuildPhase;
			buildActionMask = 2147483647;
			files = (
				27F6C5F7181ABFED0095E3E6 /* InfoPlist.strings in Resources */,
			);
			runOnlyForDeploymentPostprocessing = 0;
		};
/* End PBXResourcesBuildPhase section */

/* Begin PBXSourcesBuildPhase section */
		27F6C5C6181ABFED0095E3E6 /* Sources */ = {
			isa = PBXSourcesBuildPhase;
			buildActionMask = 2147483647;
			files = (
				27F6C5E4181ABFED0095E3E6 /* ViewController.m in Sources */,
				27F6C5DE181ABFED0095E3E6 /* AppDelegate.m in Sources */,
				27F6C5DA181ABFED0095E3E6 /* main.m in Sources */,
			);
			runOnlyForDeploymentPostprocessing = 0;
		};
		27F6C5E7181ABFED0095E3E6 /* Sources */ = {
			isa = PBXSourcesBuildPhase;
			buildActionMask = 2147483647;
			files = (
				27F6C5F9181ABFED0095E3E6 /* AllInCodeTests.m in Sources */,
			);
			runOnlyForDeploymentPostprocessing = 0;
		};
/* End PBXSourcesBuildPhase section */

/* Begin PBXTargetDependency section */
		27F6C5F1181ABFED0095E3E6 /* PBXTargetDependency */ = {
			isa = PBXTargetDependency;
			target = 27F6C5C9181ABFED0095E3E6 /* AllInCode */;
			targetProxy = 27F6C5F0181ABFED0095E3E6 /* PBXContainerItemProxy */;
		};
/* End PBXTargetDependency section */

/* Begin PBXVariantGroup section */
		27F6C5D6181ABFED0095E3E6 /* InfoPlist.strings */ = {
			isa = PBXVariantGroup;
			children = (
				27F6C5D7181ABFED0095E3E6 /* en */,
			);
			name = InfoPlist.strings;
			sourceTree = "<group>";
		};
		27F6C5DF181ABFED0095E3E6 /* Main.storyboard */ = {
			isa = PBXVariantGroup;
			children = (
				27F6C5E0181ABFED0095E3E6 /* Base */,
			);
			name = Main.storyboard;
			sourceTree = "<group>";
		};
		27F6C5F5181ABFED0095E3E6 /* InfoPlist.strings */ = {
			isa = PBXVariantGroup;
			children = (
				27F6C5F6181ABFED0095E3E6 /* en */,
			);
			name = InfoPlist.strings;
			sourceTree = "<group>";
		};
/* End PBXVariantGroup section */

/* Begin XCBuildConfiguration section */
		27F6C5FA181ABFED0095E3E6 /* Debug */ = {
			isa = XCBuildConfiguration;
			buildSettings = {
				ALWAYS_SEARCH_USER_PATHS = NO;
				ARCHS = "$(ARCHS_STANDARD_INCLUDING_64_BIT)";
				CLANG_CXX_LANGUAGE_STANDARD = "gnu++0x";
				CLANG_CXX_LIBRARY = "libc++";
				CLANG_ENABLE_MODULES = YES;
				CLANG_ENABLE_OBJC_ARC = YES;
				CLANG_WARN_BOOL_CONVERSION = YES;
				CLANG_WARN_CONSTANT_CONVERSION = YES;
				CLANG_WARN_DIRECT_OBJC_ISA_USAGE = YES_ERROR;
				CLANG_WARN_EMPTY_BODY = YES;
				CLANG_WARN_ENUM_CONVERSION = YES;
				CLANG_WARN_INT_CONVERSION = YES;
				CLANG_WARN_OBJC_ROOT_CLASS = YES_ERROR;
				CLANG_WARN__DUPLICATE_METHOD_MATCH = YES;
				"CODE_SIGN_IDENTITY[sdk=iphoneos*]" = "iPhone Developer";
				COPY_PHASE_STRIP = NO;
				GCC_C_LANGUAGE_STANDARD = gnu99;
				GCC_DYNAMIC_NO_PIC = NO;
				GCC_OPTIMIZATION_LEVEL = 0;
				GCC_PREPROCESSOR_DEFINITIONS = (
					"DEBUG=1",
					"$(inherited)",
				);
				GCC_SYMBOLS_PRIVATE_EXTERN = NO;
				GCC_WARN_64_TO_32_BIT_CONVERSION = YES;
				GCC_WARN_ABOUT_RETURN_TYPE = YES_ERROR;
				GCC_WARN_UNDECLARED_SELECTOR = YES;
				GCC_WARN_UNINITIALIZED_AUTOS = YES;
				GCC_WARN_UNUSED_FUNCTION = YES;
				GCC_WARN_UNUSED_VARIABLE = YES;
				IPHONEOS_DEPLOYMENT_TARGET = 7.0;
				ONLY_ACTIVE_ARCH = YES;
				SDKROOT = iphoneos;
			};
			name = Debug;
		};
		27F6C5FB181ABFED0095E3E6 /* Release */ = {
			isa = XCBuildConfiguration;
			buildSettings = {
				ALWAYS_SEARCH_USER_PATHS = NO;
				ARCHS = "$(ARCHS_STANDARD_INCLUDING_64_BIT)";
				CLANG_CXX_LANGUAGE_STANDARD = "gnu++0x";
				CLANG_CXX_LIBRARY = "libc++";
				CLANG_ENABLE_MODULES = YES;
				CLANG_ENABLE_OBJC_ARC = YES;
				CLANG_WARN_BOOL_CONVERSION = YES;
				CLANG_WARN_CONSTANT_CONVERSION = YES;
				CLANG_WARN_DIRECT_OBJC_ISA_USAGE = YES_ERROR;
				CLANG_WARN_EMPTY_BODY = YES;
				CLANG_WARN_ENUM_CONVERSION = YES;
				CLANG_WARN_INT_CONVERSION = YES;
				CLANG_WARN_OBJC_ROOT_CLASS = YES_ERROR;
				CLANG_WARN__DUPLICATE_METHOD_MATCH = YES;
				"CODE_SIGN_IDENTITY[sdk=iphoneos*]" = "iPhone Developer";
				COPY_PHASE_STRIP = YES;
				ENABLE_NS_ASSERTIONS = NO;
				GCC_C_LANGUAGE_STANDARD = gnu99;
				GCC_WARN_64_TO_32_BIT_CONVERSION = YES;
				GCC_WARN_ABOUT_RETURN_TYPE = YES_ERROR;
				GCC_WARN_UNDECLARED_SELECTOR = YES;
				GCC_WARN_UNINITIALIZED_AUTOS = YES;
				GCC_WARN_UNUSED_FUNCTION = YES;
				GCC_WARN_UNUSED_VARIABLE = YES;
				IPHONEOS_DEPLOYMENT_TARGET = 7.0;
				SDKROOT = iphoneos;
				VALIDATE_PRODUCT = YES;
			};
			name = Release;
		};
		27F6C5FD181ABFED0095E3E6 /* Debug */ = {
			isa = XCBuildConfiguration;
			buildSettings = {
				ASSETCATALOG_COMPILER_APPICON_NAME = AppIcon;
				ASSETCATALOG_COMPILER_LAUNCHIMAGE_NAME = LaunchImage;
				GCC_PRECOMPILE_PREFIX_HEADER = YES;
				GCC_PREFIX_HEADER = "AllInCode/AllInCode-Prefix.pch";
				INFOPLIST_FILE = "AllInCode/AllInCode-Info.plist";
				PRODUCT_NAME = "$(TARGET_NAME)";
				WRAPPER_EXTENSION = app;
			};
			name = Debug;
		};
		27F6C5FE181ABFED0095E3E6 /* Release */ = {
			isa = XCBuildConfiguration;
			buildSettings = {
				ASSETCATALOG_COMPILER_APPICON_NAME = AppIcon;
				ASSETCATALOG_COMPILER_LAUNCHIMAGE_NAME = LaunchImage;
				GCC_PRECOMPILE_PREFIX_HEADER = YES;
				GCC_PREFIX_HEADER = "AllInCode/AllInCode-Prefix.pch";
				INFOPLIST_FILE = "AllInCode/AllInCode-Info.plist";
				PRODUCT_NAME = "$(TARGET_NAME)";
				WRAPPER_EXTENSION = app;
			};
			name = Release;
		};
		27F6C600181ABFED0095E3E6 /* Debug */ = {
			isa = XCBuildConfiguration;
			buildSettings = {
				ARCHS = "$(ARCHS_STANDARD_INCLUDING_64_BIT)";
				BUNDLE_LOADER = "$(BUILT_PRODUCTS_DIR)/AllInCode.app/AllInCode";
				FRAMEWORK_SEARCH_PATHS = (
					"$(SDKROOT)/Developer/Library/Frameworks",
					"$(inherited)",
					"$(DEVELOPER_FRAMEWORKS_DIR)",
				);
				GCC_PRECOMPILE_PREFIX_HEADER = YES;
				GCC_PREFIX_HEADER = "AllInCode/AllInCode-Prefix.pch";
				GCC_PREPROCESSOR_DEFINITIONS = (
					"DEBUG=1",
					"$(inherited)",
				);
				INFOPLIST_FILE = "AllInCodeTests/AllInCodeTests-Info.plist";
				PRODUCT_NAME = "$(TARGET_NAME)";
				TEST_HOST = "$(BUNDLE_LOADER)";
				WRAPPER_EXTENSION = xctest;
			};
			name = Debug;
		};
		27F6C601181ABFED0095E3E6 /* Release */ = {
			isa = XCBuildConfiguration;
			buildSettings = {
				ARCHS = "$(ARCHS_STANDARD_INCLUDING_64_BIT)";
				BUNDLE_LOADER = "$(BUILT_PRODUCTS_DIR)/AllInCode.app/AllInCode";
				FRAMEWORK_SEARCH_PATHS = (
					"$(SDKROOT)/Developer/Library/Frameworks",
					"$(inherited)",
					"$(DEVELOPER_FRAMEWORKS_DIR)",
				);
				GCC_PRECOMPILE_PREFIX_HEADER = YES;
				GCC_PREFIX_HEADER = "AllInCode/AllInCode-Prefix.pch";
				INFOPLIST_FILE = "AllInCodeTests/AllInCodeTests-Info.plist";
				PRODUCT_NAME = "$(TARGET_NAME)";
				TEST_HOST = "$(BUNDLE_LOADER)";
				WRAPPER_EXTENSION = xctest;
			};
			name = Release;
		};
/* End XCBuildConfiguration section */

/* Begin XCConfigurationList section */
		27F6C5C5181ABFED0095E3E6 /* Build configuration list for PBXProject "AllInCode" */ = {
			isa = XCConfigurationList;
			buildConfigurations = (
				27F6C5FA181ABFED0095E3E6 /* Debug */,
				27F6C5FB181ABFED0095E3E6 /* Release */,
			);
			defaultConfigurationIsVisible = 0;
			defaultConfigurationName = Release;
		};
		27F6C5FC181ABFED0095E3E6 /* Build configuration list for PBXNativeTarget "AllInCode" */ = {
			isa = XCConfigurationList;
			buildConfigurations = (
				27F6C5FD181ABFED0095E3E6 /* Debug */,
				27F6C5FE181ABFED0095E3E6 /* Release */,
			);
			defaultConfigurationIsVisible = 0;
		};
		27F6C5FF181ABFED0095E3E6 /* Build configuration list for PBXNativeTarget "AllInCodeTests" */ = {
			isa = XCConfigurationList;
			buildConfigurations = (
				27F6C600181ABFED0095E3E6 /* Debug */,
				27F6C601181ABFED0095E3E6 /* Release */,
			);
			defaultConfigurationIsVisible = 0;
		};
/* End XCConfigurationList section */
	};
	rootObject = 27F6C5C2181ABFED0095E3E6 /* Project object */;
}
