// !$*UTF8*$!
{
	archiveVersion = 1;
	classes = {
	};
	objectVersion = 46;
	objects = {

/* Begin PBXBuildFile section */
		A2D773581940C85000B04874 /* Foundation.framework in Frameworks */ = {isa = PBXBuildFile; fileRef = A2D773571940C85000B04874 /* Foundation.framework */; };
		A2D7735A1940C85000B04874 /* CoreGraphics.framework in Frameworks */ = {isa = PBXBuildFile; fileRef = A2D773591940C85000B04874 /* CoreGraphics.framework */; };
		A2D7735C1940C85000B04874 /* UIKit.framework in Frameworks */ = {isa = PBXBuildFile; fileRef = A2D7735B1940C85000B04874 /* UIKit.framework */; };
		A2D773621940C85000B04874 /* InfoPlist.strings in Resources */ = {isa = PBXBuildFile; fileRef = A2D773601940C85000B04874 /* InfoPlist.strings */; };
		A2D773641940C85000B04874 /* main.m in Sources */ = {isa = PBXBuildFile; fileRef = A2D773631940C85000B04874 /* main.m */; };
		A2D773681940C85000B04874 /* AALAppDelegate.m in Sources */ = {isa = PBXBuildFile; fileRef = A2D773671940C85000B04874 /* AALAppDelegate.m */; };
		A2D7736A1940C85000B04874 /* Images.xcassets in Resources */ = {isa = PBXBuildFile; fileRef = A2D773691940C85000B04874 /* Images.xcassets */; };
		A2D773711940C85000B04874 /* XCTest.framework in Frameworks */ = {isa = PBXBuildFile; fileRef = A2D773701940C85000B04874 /* XCTest.framework */; };
		A2D773721940C85000B04874 /* Foundation.framework in Frameworks */ = {isa = PBXBuildFile; fileRef = A2D773571940C85000B04874 /* Foundation.framework */; };
		A2D773731940C85000B04874 /* UIKit.framework in Frameworks */ = {isa = PBXBuildFile; fileRef = A2D7735B1940C85000B04874 /* UIKit.framework */; };
		A2D7737B1940C85000B04874 /* InfoPlist.strings in Resources */ = {isa = PBXBuildFile; fileRef = A2D773791940C85000B04874 /* InfoPlist.strings */; };
		A2D7737D1940C85000B04874 /* randomTestingTests.m in Sources */ = {isa = PBXBuildFile; fileRef = A2D7737C1940C85000B04874 /* randomTestingTests.m */; };
/* End PBXBuildFile section */

/* Begin PBXContainerItemProxy section */
		A2D773741940C85000B04874 /* PBXContainerItemProxy */ = {
			isa = PBXContainerItemProxy;
			containerPortal = A2D7734C1940C85000B04874 /* Project object */;
			proxyType = 1;
			remoteGlobalIDString = A2D773531940C85000B04874;
			remoteInfo = randomTesting;
		};
/* End PBXContainerItemProxy section */

/* Begin PBXFileReference section */
		A2D773541940C85000B04874 /* randomTesting.app */ = {isa = PBXFileReference; explicitFileType = wrapper.application; includeInIndex = 0; path = randomTesting.app; sourceTree = BUILT_PRODUCTS_DIR; };
		A2D773571940C85000B04874 /* Foundation.framework */ = {isa = PBXFileReference; lastKnownFileType = wrapper.framework; name = Foundation.framework; path = System/Library/Frameworks/Foundation.framework; sourceTree = SDKROOT; };
		A2D773591940C85000B04874 /* CoreGraphics.framework */ = {isa = PBXFileReference; lastKnownFileType = wrapper.framework; name = CoreGraphics.framework; path = System/Library/Frameworks/CoreGraphics.framework; sourceTree = SDKROOT; };
		A2D7735B1940C85000B04874 /* UIKit.framework */ = {isa = PBXFileReference; lastKnownFileType = wrapper.framework; name = UIKit.framework; path = System/Library/Frameworks/UIKit.framework; sourceTree = SDKROOT; };
		A2D7735F1940C85000B04874 /* randomTesting-Info.plist */ = {isa = PBXFileReference; lastKnownFileType = text.plist.xml; path = "randomTesting-Info.plist"; sourceTree = "<group>"; };
		A2D773611940C85000B04874 /* en */ = {isa = PBXFileReference; lastKnownFileType = text.plist.strings; name = en; path = en.lproj/InfoPlist.strings; sourceTree = "<group>"; };
		A2D773631940C85000B04874 /* main.m */ = {isa = PBXFileReference; lastKnownFileType = sourcecode.c.objc; path = main.m; sourceTree = "<group>"; };
		A2D773651940C85000B04874 /* randomTesting-Prefix.pch */ = {isa = PBXFileReference; lastKnownFileType = sourcecode.c.h; path = "randomTesting-Prefix.pch"; sourceTree = "<group>"; };
		A2D773661940C85000B04874 /* AALAppDelegate.h */ = {isa = PBXFileReference; lastKnownFileType = sourcecode.c.h; path = AALAppDelegate.h; sourceTree = "<group>"; };
		A2D773671940C85000B04874 /* AALAppDelegate.m */ = {isa = PBXFileReference; lastKnownFileType = sourcecode.c.objc; path = AALAppDelegate.m; sourceTree = "<group>"; };
		A2D773691940C85000B04874 /* Images.xcassets */ = {isa = PBXFileReference; lastKnownFileType = folder.assetcatalog; path = Images.xcassets; sourceTree = "<group>"; };
		A2D7736F1940C85000B04874 /* randomTestingTests.xctest */ = {isa = PBXFileReference; explicitFileType = wrapper.cfbundle; includeInIndex = 0; path = randomTestingTests.xctest; sourceTree = BUILT_PRODUCTS_DIR; };
		A2D773701940C85000B04874 /* XCTest.framework */ = {isa = PBXFileReference; lastKnownFileType = wrapper.framework; name = XCTest.framework; path = Library/Frameworks/XCTest.framework; sourceTree = DEVELOPER_DIR; };
		A2D773781940C85000B04874 /* randomTestingTests-Info.plist */ = {isa = PBXFileReference; lastKnownFileType = text.plist.xml; path = "randomTestingTests-Info.plist"; sourceTree = "<group>"; };
		A2D7737A1940C85000B04874 /* en */ = {isa = PBXFileReference; lastKnownFileType = text.plist.strings; name = en; path = en.lproj/InfoPlist.strings; sourceTree = "<group>"; };
		A2D7737C1940C85000B04874 /* randomTestingTests.m */ = {isa = PBXFileReference; lastKnownFileType = sourcecode.c.objc; path = randomTestingTests.m; sourceTree = "<group>"; };
/* End PBXFileReference section */

/* Begin PBXFrameworksBuildPhase section */
		A2D773511940C85000B04874 /* Frameworks */ = {
			isa = PBXFrameworksBuildPhase;
			buildActionMask = 2147483647;
			files = (
				A2D7735A1940C85000B04874 /* CoreGraphics.framework in Frameworks */,
				A2D7735C1940C85000B04874 /* UIKit.framework in Frameworks */,
				A2D773581940C85000B04874 /* Foundation.framework in Frameworks */,
			);
			runOnlyForDeploymentPostprocessing = 0;
		};
		A2D7736C1940C85000B04874 /* Frameworks */ = {
			isa = PBXFrameworksBuildPhase;
			buildActionMask = 2147483647;
			files = (
				A2D773711940C85000B04874 /* XCTest.framework in Frameworks */,
				A2D773731940C85000B04874 /* UIKit.framework in Frameworks */,
				A2D773721940C85000B04874 /* Foundation.framework in Frameworks */,
			);
			runOnlyForDeploymentPostprocessing = 0;
		};
/* End PBXFrameworksBuildPhase section */

/* Begin PBXGroup section */
		A2D7734B1940C85000B04874 = {
			isa = PBXGroup;
			children = (
				A2D7735D1940C85000B04874 /* randomTesting */,
				A2D773761940C85000B04874 /* randomTestingTests */,
				A2D773561940C85000B04874 /* Frameworks */,
				A2D773551940C85000B04874 /* Products */,
			);
			sourceTree = "<group>";
		};
		A2D773551940C85000B04874 /* Products */ = {
			isa = PBXGroup;
			children = (
				A2D773541940C85000B04874 /* randomTesting.app */,
				A2D7736F1940C85000B04874 /* randomTestingTests.xctest */,
			);
			name = Products;
			sourceTree = "<group>";
		};
		A2D773561940C85000B04874 /* Frameworks */ = {
			isa = PBXGroup;
			children = (
				A2D773571940C85000B04874 /* Foundation.framework */,
				A2D773591940C85000B04874 /* CoreGraphics.framework */,
				A2D7735B1940C85000B04874 /* UIKit.framework */,
				A2D773701940C85000B04874 /* XCTest.framework */,
			);
			name = Frameworks;
			sourceTree = "<group>";
		};
		A2D7735D1940C85000B04874 /* randomTesting */ = {
			isa = PBXGroup;
			children = (
				A2D773661940C85000B04874 /* AALAppDelegate.h */,
				A2D773671940C85000B04874 /* AALAppDelegate.m */,
				A2D773691940C85000B04874 /* Images.xcassets */,
				A2D7735E1940C85000B04874 /* Supporting Files */,
			);
			path = randomTesting;
			sourceTree = "<group>";
		};
		A2D7735E1940C85000B04874 /* Supporting Files */ = {
			isa = PBXGroup;
			children = (
				A2D7735F1940C85000B04874 /* randomTesting-Info.plist */,
				A2D773601940C85000B04874 /* InfoPlist.strings */,
				A2D773631940C85000B04874 /* main.m */,
				A2D773651940C85000B04874 /* randomTesting-Prefix.pch */,
			);
			name = "Supporting Files";
			sourceTree = "<group>";
		};
		A2D773761940C85000B04874 /* randomTestingTests */ = {
			isa = PBXGroup;
			children = (
				A2D7737C1940C85000B04874 /* randomTestingTests.m */,
				A2D773771940C85000B04874 /* Supporting Files */,
			);
			path = randomTestingTests;
			sourceTree = "<group>";
		};
		A2D773771940C85000B04874 /* Supporting Files */ = {
			isa = PBXGroup;
			children = (
				A2D773781940C85000B04874 /* randomTestingTests-Info.plist */,
				A2D773791940C85000B04874 /* InfoPlist.strings */,
			);
			name = "Supporting Files";
			sourceTree = "<group>";
		};
/* End PBXGroup section */

/* Begin PBXNativeTarget section */
		A2D773531940C85000B04874 /* randomTesting */ = {
			isa = PBXNativeTarget;
			buildConfigurationList = A2D773801940C85000B04874 /* Build configuration list for PBXNativeTarget "randomTesting" */;
			buildPhases = (
				A2D773501940C85000B04874 /* Sources */,
				A2D773511940C85000B04874 /* Frameworks */,
				A2D773521940C85000B04874 /* Resources */,
			);
			buildRules = (
			);
			dependencies = (
			);
			name = randomTesting;
			productName = randomTesting;
			productReference = A2D773541940C85000B04874 /* randomTesting.app */;
			productType = "com.apple.product-type.application";
		};
		A2D7736E1940C85000B04874 /* randomTestingTests */ = {
			isa = PBXNativeTarget;
			buildConfigurationList = A2D773831940C85000B04874 /* Build configuration list for PBXNativeTarget "randomTestingTests" */;
			buildPhases = (
				A2D7736B1940C85000B04874 /* Sources */,
				A2D7736C1940C85000B04874 /* Frameworks */,
				A2D7736D1940C85000B04874 /* Resources */,
			);
			buildRules = (
			);
			dependencies = (
				A2D773751940C85000B04874 /* PBXTargetDependency */,
			);
			name = randomTestingTests;
			productName = randomTestingTests;
			productReference = A2D7736F1940C85000B04874 /* randomTestingTests.xctest */;
			productType = "com.apple.product-type.bundle.unit-test";
		};
/* End PBXNativeTarget section */

/* Begin PBXProject section */
		A2D7734C1940C85000B04874 /* Project object */ = {
			isa = PBXProject;
			attributes = {
				CLASSPREFIX = AAL;
				LastUpgradeCheck = 0510;
				ORGANIZATIONNAME = "Albert Lardizabal";
				TargetAttributes = {
					A2D7736E1940C85000B04874 = {
						TestTargetID = A2D773531940C85000B04874;
					};
				};
			};
			buildConfigurationList = A2D7734F1940C85000B04874 /* Build configuration list for PBXProject "randomTesting" */;
			compatibilityVersion = "Xcode 3.2";
			developmentRegion = English;
			hasScannedForEncodings = 0;
			knownRegions = (
				en,
			);
			mainGroup = A2D7734B1940C85000B04874;
			productRefGroup = A2D773551940C85000B04874 /* Products */;
			projectDirPath = "";
			projectRoot = "";
			targets = (
				A2D773531940C85000B04874 /* randomTesting */,
				A2D7736E1940C85000B04874 /* randomTestingTests */,
			);
		};
/* End PBXProject section */

/* Begin PBXResourcesBuildPhase section */
		A2D773521940C85000B04874 /* Resources */ = {
			isa = PBXResourcesBuildPhase;
			buildActionMask = 2147483647;
			files = (
				A2D773621940C85000B04874 /* InfoPlist.strings in Resources */,
				A2D7736A1940C85000B04874 /* Images.xcassets in Resources */,
			);
			runOnlyForDeploymentPostprocessing = 0;
		};
		A2D7736D1940C85000B04874 /* Resources */ = {
			isa = PBXResourcesBuildPhase;
			buildActionMask = 2147483647;
			files = (
				A2D7737B1940C85000B04874 /* InfoPlist.strings in Resources */,
			);
			runOnlyForDeploymentPostprocessing = 0;
		};
/* End PBXResourcesBuildPhase section */

/* Begin PBXSourcesBuildPhase section */
		A2D773501940C85000B04874 /* Sources */ = {
			isa = PBXSourcesBuildPhase;
			buildActionMask = 2147483647;
			files = (
				A2D773641940C85000B04874 /* main.m in Sources */,
				A2D773681940C85000B04874 /* AALAppDelegate.m in Sources */,
			);
			runOnlyForDeploymentPostprocessing = 0;
		};
		A2D7736B1940C85000B04874 /* Sources */ = {
			isa = PBXSourcesBuildPhase;
			buildActionMask = 2147483647;
			files = (
				A2D7737D1940C85000B04874 /* randomTestingTests.m in Sources */,
			);
			runOnlyForDeploymentPostprocessing = 0;
		};
/* End PBXSourcesBuildPhase section */

/* Begin PBXTargetDependency section */
		A2D773751940C85000B04874 /* PBXTargetDependency */ = {
			isa = PBXTargetDependency;
			target = A2D773531940C85000B04874 /* randomTesting */;
			targetProxy = A2D773741940C85000B04874 /* PBXContainerItemProxy */;
		};
/* End PBXTargetDependency section */

/* Begin PBXVariantGroup section */
		A2D773601940C85000B04874 /* InfoPlist.strings */ = {
			isa = PBXVariantGroup;
			children = (
				A2D773611940C85000B04874 /* en */,
			);
			name = InfoPlist.strings;
			sourceTree = "<group>";
		};
		A2D773791940C85000B04874 /* InfoPlist.strings */ = {
			isa = PBXVariantGroup;
			children = (
				A2D7737A1940C85000B04874 /* en */,
			);
			name = InfoPlist.strings;
			sourceTree = "<group>";
		};
/* End PBXVariantGroup section */

/* Begin XCBuildConfiguration section */
		A2D7737E1940C85000B04874 /* Debug */ = {
			isa = XCBuildConfiguration;
			buildSettings = {
				ALWAYS_SEARCH_USER_PATHS = NO;
				CLANG_CXX_LANGUAGE_STANDARD = "gnu++0x";
				CLANG_CXX_LIBRARY = "libc++";
				CLANG_ENABLE_MODULES = YES;
				CLANG_ENABLE_OBJC_ARC = YES;
				CLANG_WARN_BOOL_CONVERSION = YES;
				CLANG_WARN_CONSTANT_CONVERSION = YES;
				CLANG_WARN_DIRECT_OBJC_ISA_USAGE = YES_ERROR;
				CLANG_WARN_EMPTY_BODY = YES;
				CLANG_WARN_ENUM_CONVERSION = YES;
				CLANG_WARN_INT_CONVERSION = YES;
				CLANG_WARN_OBJC_ROOT_CLASS = YES_ERROR;
				CLANG_WARN__DUPLICATE_METHOD_MATCH = YES;
				"CODE_SIGN_IDENTITY[sdk=iphoneos*]" = "iPhone Developer";
				COPY_PHASE_STRIP = NO;
				GCC_C_LANGUAGE_STANDARD = gnu99;
				GCC_DYNAMIC_NO_PIC = NO;
				GCC_OPTIMIZATION_LEVEL = 0;
				GCC_PREPROCESSOR_DEFINITIONS = (
					"DEBUG=1",
					"$(inherited)",
				);
				GCC_SYMBOLS_PRIVATE_EXTERN = NO;
				GCC_WARN_64_TO_32_BIT_CONVERSION = YES;
				GCC_WARN_ABOUT_RETURN_TYPE = YES_ERROR;
				GCC_WARN_UNDECLARED_SELECTOR = YES;
				GCC_WARN_UNINITIALIZED_AUTOS = YES_AGGRESSIVE;
				GCC_WARN_UNUSED_FUNCTION = YES;
				GCC_WARN_UNUSED_VARIABLE = YES;
				IPHONEOS_DEPLOYMENT_TARGET = 7.1;
				ONLY_ACTIVE_ARCH = YES;
				SDKROOT = iphoneos;
			};
			name = Debug;
		};
		A2D7737F1940C85000B04874 /* Release */ = {
			isa = XCBuildConfiguration;
			buildSettings = {
				ALWAYS_SEARCH_USER_PATHS = NO;
				CLANG_CXX_LANGUAGE_STANDARD = "gnu++0x";
				CLANG_CXX_LIBRARY = "libc++";
				CLANG_ENABLE_MODULES = YES;
				CLANG_ENABLE_OBJC_ARC = YES;
				CLANG_WARN_BOOL_CONVERSION = YES;
				CLANG_WARN_CONSTANT_CONVERSION = YES;
				CLANG_WARN_DIRECT_OBJC_ISA_USAGE = YES_ERROR;
				CLANG_WARN_EMPTY_BODY = YES;
				CLANG_WARN_ENUM_CONVERSION = YES;
				CLANG_WARN_INT_CONVERSION = YES;
				CLANG_WARN_OBJC_ROOT_CLASS = YES_ERROR;
				CLANG_WARN__DUPLICATE_METHOD_MATCH = YES;
				"CODE_SIGN_IDENTITY[sdk=iphoneos*]" = "iPhone Developer";
				COPY_PHASE_STRIP = YES;
				ENABLE_NS_ASSERTIONS = NO;
				GCC_C_LANGUAGE_STANDARD = gnu99;
				GCC_WARN_64_TO_32_BIT_CONVERSION = YES;
				GCC_WARN_ABOUT_RETURN_TYPE = YES_ERROR;
				GCC_WARN_UNDECLARED_SELECTOR = YES;
				GCC_WARN_UNINITIALIZED_AUTOS = YES_AGGRESSIVE;
				GCC_WARN_UNUSED_FUNCTION = YES;
				GCC_WARN_UNUSED_VARIABLE = YES;
				IPHONEOS_DEPLOYMENT_TARGET = 7.1;
				SDKROOT = iphoneos;
				VALIDATE_PRODUCT = YES;
			};
			name = Release;
		};
		A2D773811940C85000B04874 /* Debug */ = {
			isa = XCBuildConfiguration;
			buildSettings = {
				ASSETCATALOG_COMPILER_APPICON_NAME = AppIcon;
				ASSETCATALOG_COMPILER_LAUNCHIMAGE_NAME = LaunchImage;
				GCC_PRECOMPILE_PREFIX_HEADER = YES;
				GCC_PREFIX_HEADER = "randomTesting/randomTesting-Prefix.pch";
				INFOPLIST_FILE = "randomTesting/randomTesting-Info.plist";
				PRODUCT_NAME = "$(TARGET_NAME)";
				WRAPPER_EXTENSION = app;
			};
			name = Debug;
		};
		A2D773821940C85000B04874 /* Release */ = {
			isa = XCBuildConfiguration;
			buildSettings = {
				ASSETCATALOG_COMPILER_APPICON_NAME = AppIcon;
				ASSETCATALOG_COMPILER_LAUNCHIMAGE_NAME = LaunchImage;
				GCC_PRECOMPILE_PREFIX_HEADER = YES;
				GCC_PREFIX_HEADER = "randomTesting/randomTesting-Prefix.pch";
				INFOPLIST_FILE = "randomTesting/randomTesting-Info.plist";
				PRODUCT_NAME = "$(TARGET_NAME)";
				WRAPPER_EXTENSION = app;
			};
			name = Release;
		};
		A2D773841940C85000B04874 /* Debug */ = {
			isa = XCBuildConfiguration;
			buildSettings = {
				BUNDLE_LOADER = "$(BUILT_PRODUCTS_DIR)/randomTesting.app/randomTesting";
				FRAMEWORK_SEARCH_PATHS = (
					"$(SDKROOT)/Developer/Library/Frameworks",
					"$(inherited)",
					"$(DEVELOPER_FRAMEWORKS_DIR)",
				);
				GCC_PRECOMPILE_PREFIX_HEADER = YES;
				GCC_PREFIX_HEADER = "randomTesting/randomTesting-Prefix.pch";
				GCC_PREPROCESSOR_DEFINITIONS = (
					"DEBUG=1",
					"$(inherited)",
				);
				INFOPLIST_FILE = "randomTestingTests/randomTestingTests-Info.plist";
				PRODUCT_NAME = "$(TARGET_NAME)";
				TEST_HOST = "$(BUNDLE_LOADER)";
				WRAPPER_EXTENSION = xctest;
			};
			name = Debug;
		};
		A2D773851940C85000B04874 /* Release */ = {
			isa = XCBuildConfiguration;
			buildSettings = {
				BUNDLE_LOADER = "$(BUILT_PRODUCTS_DIR)/randomTesting.app/randomTesting";
				FRAMEWORK_SEARCH_PATHS = (
					"$(SDKROOT)/Developer/Library/Frameworks",
					"$(inherited)",
					"$(DEVELOPER_FRAMEWORKS_DIR)",
				);
				GCC_PRECOMPILE_PREFIX_HEADER = YES;
				GCC_PREFIX_HEADER = "randomTesting/randomTesting-Prefix.pch";
				INFOPLIST_FILE = "randomTestingTests/randomTestingTests-Info.plist";
				PRODUCT_NAME = "$(TARGET_NAME)";
				TEST_HOST = "$(BUNDLE_LOADER)";
				WRAPPER_EXTENSION = xctest;
			};
			name = Release;
		};
/* End XCBuildConfiguration section */

/* Begin XCConfigurationList section */
		A2D7734F1940C85000B04874 /* Build configuration list for PBXProject "randomTesting" */ = {
			isa = XCConfigurationList;
			buildConfigurations = (
				A2D7737E1940C85000B04874 /* Debug */,
				A2D7737F1940C85000B04874 /* Release */,
			);
			defaultConfigurationIsVisible = 0;
			defaultConfigurationName = Release;
		};
		A2D773801940C85000B04874 /* Build configuration list for PBXNativeTarget "randomTesting" */ = {
			isa = XCConfigurationList;
			buildConfigurations = (
				A2D773811940C85000B04874 /* Debug */,
				A2D773821940C85000B04874 /* Release */,
			);
			defaultConfigurationIsVisible = 0;
		};
		A2D773831940C85000B04874 /* Build configuration list for PBXNativeTarget "randomTestingTests" */ = {
			isa = XCConfigurationList;
			buildConfigurations = (
				A2D773841940C85000B04874 /* Debug */,
				A2D773851940C85000B04874 /* Release */,
			);
			defaultConfigurationIsVisible = 0;
		};
/* End XCConfigurationList section */
	};
	rootObject = A2D7734C1940C85000B04874 /* Project object */;
}
